// !$*UTF8*$!
{
	archiveVersion = 1;
	classes = {
	};
	objectVersion = 46;
	objects = {

/* Begin PBXBuildFile section */
		2E155EEA1C1DBCB600F7DE18 /* Keys.swift in Sources */ = {isa = PBXBuildFile; fileRef = 2E155EE91C1DBCB600F7DE18 /* Keys.swift */; };
		2E155EF01C1DC03F00F7DE18 /* TMDBMovieSearchResultApiModel.swift in Sources */ = {isa = PBXBuildFile; fileRef = 2E155EEF1C1DC03F00F7DE18 /* TMDBMovieSearchResultApiModel.swift */; };
		2E155EF31C1DCADD00F7DE18 /* Mappable.swift in Sources */ = {isa = PBXBuildFile; fileRef = 2E155EF21C1DCADD00F7DE18 /* Mappable.swift */; };
		2E155EF61C1DCBE500F7DE18 /* TMDBMovieMediaServiceSearchApiToDomainMapper.swift in Sources */ = {isa = PBXBuildFile; fileRef = 2E155EF51C1DCBE500F7DE18 /* TMDBMovieMediaServiceSearchApiToDomainMapper.swift */; };
		2E155EF81C1DCC6E00F7DE18 /* MovieSearchResult.swift in Sources */ = {isa = PBXBuildFile; fileRef = 2E155EF71C1DCC6E00F7DE18 /* MovieSearchResult.swift */; };
		2E155EFB1C1DCEB700F7DE18 /* Formateable.swift in Sources */ = {isa = PBXBuildFile; fileRef = 2E155EFA1C1DCEB700F7DE18 /* Formateable.swift */; };
		2E155EFF1C1DCFC200F7DE18 /* TMDBDateFormatter.swift in Sources */ = {isa = PBXBuildFile; fileRef = 2E155EFE1C1DCFC200F7DE18 /* TMDBDateFormatter.swift */; };
		2E155F011C1DD1F800F7DE18 /* Assembly+Mappers.swift in Sources */ = {isa = PBXBuildFile; fileRef = 2E155F001C1DD1F800F7DE18 /* Assembly+Mappers.swift */; };
		2E155F031C1DD27900F7DE18 /* Assembly+Foundation.swift in Sources */ = {isa = PBXBuildFile; fileRef = 2E155F021C1DD27900F7DE18 /* Assembly+Foundation.swift */; };
		2E155F051C1DD2BC00F7DE18 /* Assembly+Formatters.swift in Sources */ = {isa = PBXBuildFile; fileRef = 2E155F041C1DD2BC00F7DE18 /* Assembly+Formatters.swift */; };
		2E155F091C1F4F7400F7DE18 /* TMDBMovieApiModel.swift in Sources */ = {isa = PBXBuildFile; fileRef = 2E155F081C1F4F7400F7DE18 /* TMDBMovieApiModel.swift */; };
		2E155F0B1C1F521E00F7DE18 /* TMDBMovieMediaServiceMovieApiParser.swift in Sources */ = {isa = PBXBuildFile; fileRef = 2E155F0A1C1F521E00F7DE18 /* TMDBMovieMediaServiceMovieApiParser.swift */; };
		2E155F0D1C1F5F9E00F7DE18 /* TMDBMovieGenreApiModel.swift in Sources */ = {isa = PBXBuildFile; fileRef = 2E155F0C1C1F5F9E00F7DE18 /* TMDBMovieGenreApiModel.swift */; };
		2E155F0F1C1F5FCE00F7DE18 /* TMDBMovieMediaServiceGenreApiParser.swift in Sources */ = {isa = PBXBuildFile; fileRef = 2E155F0E1C1F5FCE00F7DE18 /* TMDBMovieMediaServiceGenreApiParser.swift */; };
		2E155F111C1F604C00F7DE18 /* TMDBMovieMediaServiceProductionCompanyApiParser.swift in Sources */ = {isa = PBXBuildFile; fileRef = 2E155F101C1F604C00F7DE18 /* TMDBMovieMediaServiceProductionCompanyApiParser.swift */; };
		2E155F131C1F60C500F7DE18 /* TMDBMovieMediaServiceProductionCountryApiParser.swift in Sources */ = {isa = PBXBuildFile; fileRef = 2E155F121C1F60C500F7DE18 /* TMDBMovieMediaServiceProductionCountryApiParser.swift */; };
		2E155F151C1F610C00F7DE18 /* TMDBMovieProductionCompanyApiModel.swift in Sources */ = {isa = PBXBuildFile; fileRef = 2E155F141C1F610C00F7DE18 /* TMDBMovieProductionCompanyApiModel.swift */; };
		2E155F171C1F613E00F7DE18 /* TMDBMovieProductionCountryApiModel.swift in Sources */ = {isa = PBXBuildFile; fileRef = 2E155F161C1F613E00F7DE18 /* TMDBMovieProductionCountryApiModel.swift */; };
		2E155F191C1F61F400F7DE18 /* Parseable+Extended.swift in Sources */ = {isa = PBXBuildFile; fileRef = 2E155F181C1F61F400F7DE18 /* Parseable+Extended.swift */; };
		2E155F1B1C1F638200F7DE18 /* TMDBMovieMediaServiceSpokenLanguageApiParser.swift in Sources */ = {isa = PBXBuildFile; fileRef = 2E155F1A1C1F638200F7DE18 /* TMDBMovieMediaServiceSpokenLanguageApiParser.swift */; };
		2E155F1D1C1F640200F7DE18 /* TMDBMovieSpokenLanguageApiModel.swift in Sources */ = {isa = PBXBuildFile; fileRef = 2E155F1C1C1F640200F7DE18 /* TMDBMovieSpokenLanguageApiModel.swift */; };
		2E1D4AE01C16652C00D474F0 /* TestEnviromentDetector.swift in Sources */ = {isa = PBXBuildFile; fileRef = 2E1D4ADF1C16652C00D474F0 /* TestEnviromentDetector.swift */; };
		2E1D4AE81C16686600D474F0 /* HTTPClient.swift in Sources */ = {isa = PBXBuildFile; fileRef = 2E1D4AE71C16686600D474F0 /* HTTPClient.swift */; };
		2E1D4AEA1C16686F00D474F0 /* HTTPRequest.swift in Sources */ = {isa = PBXBuildFile; fileRef = 2E1D4AE91C16686F00D474F0 /* HTTPRequest.swift */; };
		2E1D4AEC1C16687B00D474F0 /* HTTPRequestBuilder.swift in Sources */ = {isa = PBXBuildFile; fileRef = 2E1D4AEB1C16687B00D474F0 /* HTTPRequestBuilder.swift */; };
		2E1D4AEE1C16688400D474F0 /* HTTPResponse.swift in Sources */ = {isa = PBXBuildFile; fileRef = 2E1D4AED1C16688400D474F0 /* HTTPResponse.swift */; };
		2E1D4AF01C16688F00D474F0 /* HTTPProcessor.swift in Sources */ = {isa = PBXBuildFile; fileRef = 2E1D4AEF1C16688F00D474F0 /* HTTPProcessor.swift */; };
		2E1D4AF31C166A0900D474F0 /* AlamofireHTTPClient.swift in Sources */ = {isa = PBXBuildFile; fileRef = 2E1D4AF21C166A0900D474F0 /* AlamofireHTTPClient.swift */; };
		2E1D4AF51C166A1700D474F0 /* AlamofireHTTPRequest.swift in Sources */ = {isa = PBXBuildFile; fileRef = 2E1D4AF41C166A1700D474F0 /* AlamofireHTTPRequest.swift */; };
		2E1D4AF71C166A2400D474F0 /* AlamofireHTTPRequestBuilder.swift in Sources */ = {isa = PBXBuildFile; fileRef = 2E1D4AF61C166A2400D474F0 /* AlamofireHTTPRequestBuilder.swift */; };
		2E1D4AF91C166A3200D474F0 /* AlamofireHTTPResponse.swift in Sources */ = {isa = PBXBuildFile; fileRef = 2E1D4AF81C166A3200D474F0 /* AlamofireHTTPResponse.swift */; };
		2E1D4B081C1670DC00D474F0 /* Parseable.swift in Sources */ = {isa = PBXBuildFile; fileRef = 2E1D4B071C1670DC00D474F0 /* Parseable.swift */; };
		2E1D4B0A1C1670E800D474F0 /* Model.swift in Sources */ = {isa = PBXBuildFile; fileRef = 2E1D4B091C1670E800D474F0 /* Model.swift */; };
		2E1D4B0E1C16726300D474F0 /* AppDelegate.swift in Sources */ = {isa = PBXBuildFile; fileRef = 2E1D4B0D1C16726300D474F0 /* AppDelegate.swift */; };
		2E1D4B141C167BAA00D474F0 /* MovieMediaService.swift in Sources */ = {isa = PBXBuildFile; fileRef = 2E1D4B131C167BAA00D474F0 /* MovieMediaService.swift */; };
		2E1D4B181C167D5F00D474F0 /* Movie.swift in Sources */ = {isa = PBXBuildFile; fileRef = 2E1D4B171C167D5F00D474F0 /* Movie.swift */; };
		2E1D4B1C1C16800E00D474F0 /* TMDBMovieMediaService.swift in Sources */ = {isa = PBXBuildFile; fileRef = 2E1D4B1B1C16800E00D474F0 /* TMDBMovieMediaService.swift */; };
		2E1D4B1F1C16831F00D474F0 /* TMDBMovieMediaServiceRepository.swift in Sources */ = {isa = PBXBuildFile; fileRef = 2E1D4B1E1C16831F00D474F0 /* TMDBMovieMediaServiceRepository.swift */; };
		2E1D4B261C16858F00D474F0 /* TMDBMovieMediaServiceApiDefinition.swift in Sources */ = {isa = PBXBuildFile; fileRef = 2E1D4B251C16858F00D474F0 /* TMDBMovieMediaServiceApiDefinition.swift */; };
		2E2C67FD1C0E22B400641874 /* Assets.xcassets in Resources */ = {isa = PBXBuildFile; fileRef = 2E2C67FC1C0E22B400641874 /* Assets.xcassets */; };
		2E2C68001C0E22B400641874 /* LaunchScreen.storyboard in Resources */ = {isa = PBXBuildFile; fileRef = 2E2C67FE1C0E22B400641874 /* LaunchScreen.storyboard */; };
		2E2C68161C0E22B400641874 /* MovielandUITests.swift in Sources */ = {isa = PBXBuildFile; fileRef = 2E2C68151C0E22B400641874 /* MovielandUITests.swift */; };
		2E3703B31C0E2515002E70A2 /* Assembly.swift in Sources */ = {isa = PBXBuildFile; fileRef = 2E3703B21C0E2515002E70A2 /* Assembly.swift */; };
		2E3703B51C0E25AC002E70A2 /* ServiceLocator.swift in Sources */ = {isa = PBXBuildFile; fileRef = 2E3703B41C0E25AC002E70A2 /* ServiceLocator.swift */; };
		2E3703BA1C0E26B1002E70A2 /* DefaultServiceLocator.swift in Sources */ = {isa = PBXBuildFile; fileRef = 2E3703B91C0E26B1002E70A2 /* DefaultServiceLocator.swift */; };
		2E3A7D1D1C16FB6600F62D62 /* Assembly+Network.swift in Sources */ = {isa = PBXBuildFile; fileRef = 2E3A7D1C1C16FB6600F62D62 /* Assembly+Network.swift */; };
		2E3A7D211C16FCE800F62D62 /* TMDBRequestProcessor.swift in Sources */ = {isa = PBXBuildFile; fileRef = 2E3A7D201C16FCE800F62D62 /* TMDBRequestProcessor.swift */; };
		2E3A7D231C16FF1B00F62D62 /* Assembly+MediaServices.swift in Sources */ = {isa = PBXBuildFile; fileRef = 2E3A7D221C16FF1B00F62D62 /* Assembly+MediaServices.swift */; };
		2E3A7D251C16FFF900F62D62 /* Assembly+Repositories.swift in Sources */ = {isa = PBXBuildFile; fileRef = 2E3A7D241C16FFF900F62D62 /* Assembly+Repositories.swift */; };
		2E3A7D271C17006D00F62D62 /* Assembly+Parsers.swift in Sources */ = {isa = PBXBuildFile; fileRef = 2E3A7D261C17006D00F62D62 /* Assembly+Parsers.swift */; };
		2E3A7D291C1700AE00F62D62 /* TMDBMovieMediaServiceSearchApiParser.swift in Sources */ = {isa = PBXBuildFile; fileRef = 2E3A7D281C1700AE00F62D62 /* TMDBMovieMediaServiceSearchApiParser.swift */; };
		2E3A7D2D1C17062C00F62D62 /* Dictionary+Extended.swift in Sources */ = {isa = PBXBuildFile; fileRef = 2E3A7D2C1C17062C00F62D62 /* Dictionary+Extended.swift */; };
		2E8E220E1C2036BE0027363D /* TMDBMovieMediaServiceMovieApiToDomainMapper.swift in Sources */ = {isa = PBXBuildFile; fileRef = 2E8E220D1C2036BE0027363D /* TMDBMovieMediaServiceMovieApiToDomainMapper.swift */; };
		2E8E22101C2038FC0027363D /* MovieGenre.swift in Sources */ = {isa = PBXBuildFile; fileRef = 2E8E220F1C2038FC0027363D /* MovieGenre.swift */; };
		2E8E22121C20391F0027363D /* TMDBMovieMediaServiceMovieGenreApiToDomainMapper.swift in Sources */ = {isa = PBXBuildFile; fileRef = 2E8E22111C20391F0027363D /* TMDBMovieMediaServiceMovieGenreApiToDomainMapper.swift */; };
		2E8E22141C2039B00027363D /* MovieProductionCompany.swift in Sources */ = {isa = PBXBuildFile; fileRef = 2E8E22131C2039B00027363D /* MovieProductionCompany.swift */; };
		2E8E22161C203A040027363D /* TMDBMovieMediaServiceMovieProductionCompanyApiToDomainMapper.swift in Sources */ = {isa = PBXBuildFile; fileRef = 2E8E22151C203A040027363D /* TMDBMovieMediaServiceMovieProductionCompanyApiToDomainMapper.swift */; };
		2E8E22181C203A570027363D /* MovieProductionCountry.swift in Sources */ = {isa = PBXBuildFile; fileRef = 2E8E22171C203A570027363D /* MovieProductionCountry.swift */; };
		2E8E221A1C203A8B0027363D /* TMDBMovieMediaServiceMovieProductionCountryApiToDomainMapper.swift in Sources */ = {isa = PBXBuildFile; fileRef = 2E8E22191C203A8B0027363D /* TMDBMovieMediaServiceMovieProductionCountryApiToDomainMapper.swift */; };
		2E8E221C1C203AE90027363D /* MovieSpokenLanguage.swift in Sources */ = {isa = PBXBuildFile; fileRef = 2E8E221B1C203AE90027363D /* MovieSpokenLanguage.swift */; };
		2E8E221E1C203B180027363D /* TMDBMovieMediaServiceMovieSpokenLanguageApiToDomainMapper.swift in Sources */ = {isa = PBXBuildFile; fileRef = 2E8E221D1C203B180027363D /* TMDBMovieMediaServiceMovieSpokenLanguageApiToDomainMapper.swift */; };
		2ED279A51C22D3FA00813481 /* TMDBMovieMediaServiceMovieProductionCompanyApiToDomainMapperSpec.swift in Sources */ = {isa = PBXBuildFile; fileRef = 2ED279A41C22D3FA00813481 /* TMDBMovieMediaServiceMovieProductionCompanyApiToDomainMapperSpec.swift */; };
		2EEDBD5C1C21A2A800CE3F30 /* TMDBMovieMediaServiceGetMovieByIdApiDataSource.swift in Sources */ = {isa = PBXBuildFile; fileRef = 2EEDBD591C21A2A800CE3F30 /* TMDBMovieMediaServiceGetMovieByIdApiDataSource.swift */; };
		2EEDBD5D1C21A2A800CE3F30 /* TMDBMovieMediaServiceGetMoviesByModeApiDataSource.swift in Sources */ = {isa = PBXBuildFile; fileRef = 2EEDBD5A1C21A2A800CE3F30 /* TMDBMovieMediaServiceGetMoviesByModeApiDataSource.swift */; };
		2EEDBD5E1C21A2A800CE3F30 /* TMDBMovieMediaServiceSearchApiDataSource.swift in Sources */ = {isa = PBXBuildFile; fileRef = 2EEDBD5B1C21A2A800CE3F30 /* TMDBMovieMediaServiceSearchApiDataSource.swift */; };
		2EEDBD751C21A5B200CE3F30 /* AlamofireHTTPClientSpec.swift in Sources */ = {isa = PBXBuildFile; fileRef = 2EEDBD6A1C21A57600CE3F30 /* AlamofireHTTPClientSpec.swift */; };
		2EEDBD761C21A5B500CE3F30 /* AlamofireHTTPRequestBuilderSpec.swift in Sources */ = {isa = PBXBuildFile; fileRef = 2EEDBD6B1C21A57600CE3F30 /* AlamofireHTTPRequestBuilderSpec.swift */; };
		2EEDBD771C21A5B900CE3F30 /* AlamofireHTTPRequestSpec.swift in Sources */ = {isa = PBXBuildFile; fileRef = 2EEDBD6C1C21A57600CE3F30 /* AlamofireHTTPRequestSpec.swift */; };
		2EEDBD781C21A5BE00CE3F30 /* DefaultServiceLocatorSpec.swift in Sources */ = {isa = PBXBuildFile; fileRef = 2EEDBD6E1C21A57600CE3F30 /* DefaultServiceLocatorSpec.swift */; };
		2EEDBD791C21A5C500CE3F30 /* DictionaryExtendedSpec.swift in Sources */ = {isa = PBXBuildFile; fileRef = 2EEDBD631C21A57600CE3F30 /* DictionaryExtendedSpec.swift */; };
		2EEDBD7A1C21A5CA00CE3F30 /* TestEnviromentDetectorSpec.swift in Sources */ = {isa = PBXBuildFile; fileRef = 2EEDBD651C21A57600CE3F30 /* TestEnviromentDetectorSpec.swift */; };
		2EEDBD8A1C21A83800CE3F30 /* TMDBRequestProcessorSpec.swift in Sources */ = {isa = PBXBuildFile; fileRef = 2EEDBD891C21A83800CE3F30 /* TMDBRequestProcessorSpec.swift */; };
		2EEDBD8C1C21AAB300CE3F30 /* TMDBDateFormatterSpec.swift in Sources */ = {isa = PBXBuildFile; fileRef = 2EEDBD8B1C21AAB300CE3F30 /* TMDBDateFormatterSpec.swift */; };
		2EEDBD8E1C21AEF300CE3F30 /* TMDBMovieMediaServiceSpokenLanguageApiParserSpec.swift in Sources */ = {isa = PBXBuildFile; fileRef = 2EEDBD8D1C21AEF300CE3F30 /* TMDBMovieMediaServiceSpokenLanguageApiParserSpec.swift */; };
		2EEDBD921C21AF7100CE3F30 /* single_spoken_language.json in Resources */ = {isa = PBXBuildFile; fileRef = 2EEDBD911C21AF7100CE3F30 /* single_spoken_language.json */; };
		2EEDBD941C21B0DC00CE3F30 /* JSONLoader.swift in Sources */ = {isa = PBXBuildFile; fileRef = 2EEDBD7D1C21A6AA00CE3F30 /* JSONLoader.swift */; };
		2EEDBD961C21B13E00CE3F30 /* TMDBMovieMediaServiceProductionCountryApiParserSpec.swift in Sources */ = {isa = PBXBuildFile; fileRef = 2EEDBD951C21B13E00CE3F30 /* TMDBMovieMediaServiceProductionCountryApiParserSpec.swift */; };
		2EEDBD981C21B1CB00CE3F30 /* single_production_country.json in Resources */ = {isa = PBXBuildFile; fileRef = 2EEDBD971C21B1CB00CE3F30 /* single_production_country.json */; };
		2EEDBD9A1C21B21E00CE3F30 /* TMDBMovieMediaServiceProductionCompanyApiParserSpec.swift in Sources */ = {isa = PBXBuildFile; fileRef = 2EEDBD991C21B21E00CE3F30 /* TMDBMovieMediaServiceProductionCompanyApiParserSpec.swift */; };
		2EEDBD9C1C21B28C00CE3F30 /* single_production_company.json in Resources */ = {isa = PBXBuildFile; fileRef = 2EEDBD9B1C21B28C00CE3F30 /* single_production_company.json */; };
		2EEDBD9E1C21B2D800CE3F30 /* TMDBMovieMediaServiceGenreApiParserSpec.swift in Sources */ = {isa = PBXBuildFile; fileRef = 2EEDBD9D1C21B2D800CE3F30 /* TMDBMovieMediaServiceGenreApiParserSpec.swift */; };
		2EEDBDA01C21B34600CE3F30 /* single_genre.json in Resources */ = {isa = PBXBuildFile; fileRef = 2EEDBD9F1C21B34600CE3F30 /* single_genre.json */; };
		2EEDBDA21C220D6F00CE3F30 /* TMDBMovieMediaServiceSearchApiParserSpec.swift in Sources */ = {isa = PBXBuildFile; fileRef = 2EEDBDA11C220D6F00CE3F30 /* TMDBMovieMediaServiceSearchApiParserSpec.swift */; };
		2EEDBDA41C220EA300CE3F30 /* single_movie_search_result.json in Resources */ = {isa = PBXBuildFile; fileRef = 2EEDBDA31C220EA300CE3F30 /* single_movie_search_result.json */; };
		2EEDBDA61C2210AB00CE3F30 /* TMDBMovieMediaServiceMovieApiParserSpec.swift in Sources */ = {isa = PBXBuildFile; fileRef = 2EEDBDA51C2210AB00CE3F30 /* TMDBMovieMediaServiceMovieApiParserSpec.swift */; };
		2EEDBDA81C22110600CE3F30 /* single_movie.json in Resources */ = {isa = PBXBuildFile; fileRef = 2EEDBDA71C22110600CE3F30 /* single_movie.json */; };
		2EEDBDAA1C2217B600CE3F30 /* TMDBMovieMediaServiceSearchApiToDomainMapperSpec.swift in Sources */ = {isa = PBXBuildFile; fileRef = 2EEDBDA91C2217B600CE3F30 /* TMDBMovieMediaServiceSearchApiToDomainMapperSpec.swift */; };
		2EEDBDAD1C2217F700CE3F30 /* Assembly+ApiModels.swift in Sources */ = {isa = PBXBuildFile; fileRef = 2EEDBDAC1C2217F700CE3F30 /* Assembly+ApiModels.swift */; };
		2EEDBDB11C22AC2600CE3F30 /* TMDBMovieMediaServiceMovieGenreApiToDomainMapperSpec.swift in Sources */ = {isa = PBXBuildFile; fileRef = 2EEDBDAF1C22AC2200CE3F30 /* TMDBMovieMediaServiceMovieGenreApiToDomainMapperSpec.swift */; };
		E68C12761B7E6D5F0AA3227D /* Pods_MovielandTests.framework in Frameworks */ = {isa = PBXBuildFile; fileRef = 3E7FC5C1F9A1DEE298FEBB59 /* Pods_MovielandTests.framework */; };
		EEAED3B0DBE62FF1DDFF81A2 /* Pods_Movieland.framework in Frameworks */ = {isa = PBXBuildFile; fileRef = 52FF7DF0B26CB244E430CA83 /* Pods_Movieland.framework */; };
/* End PBXBuildFile section */

/* Begin PBXContainerItemProxy section */
		2E2C68071C0E22B400641874 /* PBXContainerItemProxy */ = {
			isa = PBXContainerItemProxy;
			containerPortal = 2E2C67EA1C0E22B400641874 /* Project object */;
			proxyType = 1;
			remoteGlobalIDString = 2E2C67F11C0E22B400641874;
			remoteInfo = Movieland;
		};
		2E2C68121C0E22B400641874 /* PBXContainerItemProxy */ = {
			isa = PBXContainerItemProxy;
			containerPortal = 2E2C67EA1C0E22B400641874 /* Project object */;
			proxyType = 1;
			remoteGlobalIDString = 2E2C67F11C0E22B400641874;
			remoteInfo = Movieland;
		};
/* End PBXContainerItemProxy section */

/* Begin PBXFileReference section */
		2E155EE91C1DBCB600F7DE18 /* Keys.swift */ = {isa = PBXFileReference; fileEncoding = 4; lastKnownFileType = sourcecode.swift; path = Keys.swift; sourceTree = "<group>"; };
		2E155EEF1C1DC03F00F7DE18 /* TMDBMovieSearchResultApiModel.swift */ = {isa = PBXFileReference; fileEncoding = 4; lastKnownFileType = sourcecode.swift; path = TMDBMovieSearchResultApiModel.swift; sourceTree = "<group>"; };
		2E155EF21C1DCADD00F7DE18 /* Mappable.swift */ = {isa = PBXFileReference; fileEncoding = 4; lastKnownFileType = sourcecode.swift; path = Mappable.swift; sourceTree = "<group>"; };
		2E155EF51C1DCBE500F7DE18 /* TMDBMovieMediaServiceSearchApiToDomainMapper.swift */ = {isa = PBXFileReference; fileEncoding = 4; lastKnownFileType = sourcecode.swift; path = TMDBMovieMediaServiceSearchApiToDomainMapper.swift; sourceTree = "<group>"; };
		2E155EF71C1DCC6E00F7DE18 /* MovieSearchResult.swift */ = {isa = PBXFileReference; fileEncoding = 4; lastKnownFileType = sourcecode.swift; path = MovieSearchResult.swift; sourceTree = "<group>"; };
		2E155EFA1C1DCEB700F7DE18 /* Formateable.swift */ = {isa = PBXFileReference; fileEncoding = 4; lastKnownFileType = sourcecode.swift; path = Formateable.swift; sourceTree = "<group>"; };
		2E155EFE1C1DCFC200F7DE18 /* TMDBDateFormatter.swift */ = {isa = PBXFileReference; fileEncoding = 4; lastKnownFileType = sourcecode.swift; path = TMDBDateFormatter.swift; sourceTree = "<group>"; };
		2E155F001C1DD1F800F7DE18 /* Assembly+Mappers.swift */ = {isa = PBXFileReference; fileEncoding = 4; lastKnownFileType = sourcecode.swift; path = "Assembly+Mappers.swift"; sourceTree = "<group>"; };
		2E155F021C1DD27900F7DE18 /* Assembly+Foundation.swift */ = {isa = PBXFileReference; fileEncoding = 4; lastKnownFileType = sourcecode.swift; path = "Assembly+Foundation.swift"; sourceTree = "<group>"; };
		2E155F041C1DD2BC00F7DE18 /* Assembly+Formatters.swift */ = {isa = PBXFileReference; fileEncoding = 4; lastKnownFileType = sourcecode.swift; path = "Assembly+Formatters.swift"; sourceTree = "<group>"; };
		2E155F081C1F4F7400F7DE18 /* TMDBMovieApiModel.swift */ = {isa = PBXFileReference; fileEncoding = 4; lastKnownFileType = sourcecode.swift; path = TMDBMovieApiModel.swift; sourceTree = "<group>"; };
		2E155F0A1C1F521E00F7DE18 /* TMDBMovieMediaServiceMovieApiParser.swift */ = {isa = PBXFileReference; fileEncoding = 4; lastKnownFileType = sourcecode.swift; path = TMDBMovieMediaServiceMovieApiParser.swift; sourceTree = "<group>"; };
		2E155F0C1C1F5F9E00F7DE18 /* TMDBMovieGenreApiModel.swift */ = {isa = PBXFileReference; fileEncoding = 4; lastKnownFileType = sourcecode.swift; path = TMDBMovieGenreApiModel.swift; sourceTree = "<group>"; };
		2E155F0E1C1F5FCE00F7DE18 /* TMDBMovieMediaServiceGenreApiParser.swift */ = {isa = PBXFileReference; fileEncoding = 4; lastKnownFileType = sourcecode.swift; path = TMDBMovieMediaServiceGenreApiParser.swift; sourceTree = "<group>"; };
		2E155F101C1F604C00F7DE18 /* TMDBMovieMediaServiceProductionCompanyApiParser.swift */ = {isa = PBXFileReference; fileEncoding = 4; lastKnownFileType = sourcecode.swift; path = TMDBMovieMediaServiceProductionCompanyApiParser.swift; sourceTree = "<group>"; };
		2E155F121C1F60C500F7DE18 /* TMDBMovieMediaServiceProductionCountryApiParser.swift */ = {isa = PBXFileReference; fileEncoding = 4; lastKnownFileType = sourcecode.swift; path = TMDBMovieMediaServiceProductionCountryApiParser.swift; sourceTree = "<group>"; };
		2E155F141C1F610C00F7DE18 /* TMDBMovieProductionCompanyApiModel.swift */ = {isa = PBXFileReference; fileEncoding = 4; lastKnownFileType = sourcecode.swift; path = TMDBMovieProductionCompanyApiModel.swift; sourceTree = "<group>"; };
		2E155F161C1F613E00F7DE18 /* TMDBMovieProductionCountryApiModel.swift */ = {isa = PBXFileReference; fileEncoding = 4; lastKnownFileType = sourcecode.swift; path = TMDBMovieProductionCountryApiModel.swift; sourceTree = "<group>"; };
		2E155F181C1F61F400F7DE18 /* Parseable+Extended.swift */ = {isa = PBXFileReference; fileEncoding = 4; lastKnownFileType = sourcecode.swift; path = "Parseable+Extended.swift"; sourceTree = "<group>"; };
		2E155F1A1C1F638200F7DE18 /* TMDBMovieMediaServiceSpokenLanguageApiParser.swift */ = {isa = PBXFileReference; fileEncoding = 4; lastKnownFileType = sourcecode.swift; path = TMDBMovieMediaServiceSpokenLanguageApiParser.swift; sourceTree = "<group>"; };
		2E155F1C1C1F640200F7DE18 /* TMDBMovieSpokenLanguageApiModel.swift */ = {isa = PBXFileReference; fileEncoding = 4; lastKnownFileType = sourcecode.swift; path = TMDBMovieSpokenLanguageApiModel.swift; sourceTree = "<group>"; };
		2E1D4ADF1C16652C00D474F0 /* TestEnviromentDetector.swift */ = {isa = PBXFileReference; fileEncoding = 4; lastKnownFileType = sourcecode.swift; path = TestEnviromentDetector.swift; sourceTree = "<group>"; };
		2E1D4AE71C16686600D474F0 /* HTTPClient.swift */ = {isa = PBXFileReference; fileEncoding = 4; lastKnownFileType = sourcecode.swift; path = HTTPClient.swift; sourceTree = "<group>"; };
		2E1D4AE91C16686F00D474F0 /* HTTPRequest.swift */ = {isa = PBXFileReference; fileEncoding = 4; lastKnownFileType = sourcecode.swift; path = HTTPRequest.swift; sourceTree = "<group>"; };
		2E1D4AEB1C16687B00D474F0 /* HTTPRequestBuilder.swift */ = {isa = PBXFileReference; fileEncoding = 4; lastKnownFileType = sourcecode.swift; path = HTTPRequestBuilder.swift; sourceTree = "<group>"; };
		2E1D4AED1C16688400D474F0 /* HTTPResponse.swift */ = {isa = PBXFileReference; fileEncoding = 4; lastKnownFileType = sourcecode.swift; path = HTTPResponse.swift; sourceTree = "<group>"; };
		2E1D4AEF1C16688F00D474F0 /* HTTPProcessor.swift */ = {isa = PBXFileReference; fileEncoding = 4; lastKnownFileType = sourcecode.swift; path = HTTPProcessor.swift; sourceTree = "<group>"; };
		2E1D4AF21C166A0900D474F0 /* AlamofireHTTPClient.swift */ = {isa = PBXFileReference; fileEncoding = 4; lastKnownFileType = sourcecode.swift; path = AlamofireHTTPClient.swift; sourceTree = "<group>"; };
		2E1D4AF41C166A1700D474F0 /* AlamofireHTTPRequest.swift */ = {isa = PBXFileReference; fileEncoding = 4; lastKnownFileType = sourcecode.swift; path = AlamofireHTTPRequest.swift; sourceTree = "<group>"; };
		2E1D4AF61C166A2400D474F0 /* AlamofireHTTPRequestBuilder.swift */ = {isa = PBXFileReference; fileEncoding = 4; lastKnownFileType = sourcecode.swift; path = AlamofireHTTPRequestBuilder.swift; sourceTree = "<group>"; };
		2E1D4AF81C166A3200D474F0 /* AlamofireHTTPResponse.swift */ = {isa = PBXFileReference; fileEncoding = 4; lastKnownFileType = sourcecode.swift; path = AlamofireHTTPResponse.swift; sourceTree = "<group>"; };
		2E1D4B071C1670DC00D474F0 /* Parseable.swift */ = {isa = PBXFileReference; fileEncoding = 4; lastKnownFileType = sourcecode.swift; path = Parseable.swift; sourceTree = "<group>"; };
		2E1D4B091C1670E800D474F0 /* Model.swift */ = {isa = PBXFileReference; fileEncoding = 4; lastKnownFileType = sourcecode.swift; path = Model.swift; sourceTree = "<group>"; };
		2E1D4B0D1C16726300D474F0 /* AppDelegate.swift */ = {isa = PBXFileReference; fileEncoding = 4; lastKnownFileType = sourcecode.swift; path = AppDelegate.swift; sourceTree = "<group>"; };
		2E1D4B131C167BAA00D474F0 /* MovieMediaService.swift */ = {isa = PBXFileReference; fileEncoding = 4; lastKnownFileType = sourcecode.swift; path = MovieMediaService.swift; sourceTree = "<group>"; };
		2E1D4B171C167D5F00D474F0 /* Movie.swift */ = {isa = PBXFileReference; fileEncoding = 4; lastKnownFileType = sourcecode.swift; path = Movie.swift; sourceTree = "<group>"; };
		2E1D4B1B1C16800E00D474F0 /* TMDBMovieMediaService.swift */ = {isa = PBXFileReference; fileEncoding = 4; lastKnownFileType = sourcecode.swift; path = TMDBMovieMediaService.swift; sourceTree = "<group>"; };
		2E1D4B1E1C16831F00D474F0 /* TMDBMovieMediaServiceRepository.swift */ = {isa = PBXFileReference; fileEncoding = 4; lastKnownFileType = sourcecode.swift; path = TMDBMovieMediaServiceRepository.swift; sourceTree = "<group>"; };
		2E1D4B251C16858F00D474F0 /* TMDBMovieMediaServiceApiDefinition.swift */ = {isa = PBXFileReference; fileEncoding = 4; lastKnownFileType = sourcecode.swift; path = TMDBMovieMediaServiceApiDefinition.swift; sourceTree = "<group>"; };
		2E2C67F21C0E22B400641874 /* Movieland.app */ = {isa = PBXFileReference; explicitFileType = wrapper.application; includeInIndex = 0; path = Movieland.app; sourceTree = BUILT_PRODUCTS_DIR; };
		2E2C67FC1C0E22B400641874 /* Assets.xcassets */ = {isa = PBXFileReference; lastKnownFileType = folder.assetcatalog; path = Assets.xcassets; sourceTree = "<group>"; };
		2E2C67FF1C0E22B400641874 /* Base */ = {isa = PBXFileReference; lastKnownFileType = file.storyboard; name = Base; path = Base.lproj/LaunchScreen.storyboard; sourceTree = "<group>"; };
		2E2C68011C0E22B400641874 /* Info.plist */ = {isa = PBXFileReference; lastKnownFileType = text.plist.xml; path = Info.plist; sourceTree = "<group>"; };
		2E2C68061C0E22B400641874 /* MovielandTests.xctest */ = {isa = PBXFileReference; explicitFileType = wrapper.cfbundle; includeInIndex = 0; path = MovielandTests.xctest; sourceTree = BUILT_PRODUCTS_DIR; };
		2E2C680C1C0E22B400641874 /* Info.plist */ = {isa = PBXFileReference; lastKnownFileType = text.plist.xml; path = Info.plist; sourceTree = "<group>"; };
		2E2C68111C0E22B400641874 /* MovielandUITests.xctest */ = {isa = PBXFileReference; explicitFileType = wrapper.cfbundle; includeInIndex = 0; path = MovielandUITests.xctest; sourceTree = BUILT_PRODUCTS_DIR; };
		2E2C68151C0E22B400641874 /* MovielandUITests.swift */ = {isa = PBXFileReference; lastKnownFileType = sourcecode.swift; path = MovielandUITests.swift; sourceTree = "<group>"; };
		2E2C68171C0E22B400641874 /* Info.plist */ = {isa = PBXFileReference; lastKnownFileType = text.plist.xml; path = Info.plist; sourceTree = "<group>"; };
		2E3703B21C0E2515002E70A2 /* Assembly.swift */ = {isa = PBXFileReference; fileEncoding = 4; lastKnownFileType = sourcecode.swift; path = Assembly.swift; sourceTree = "<group>"; };
		2E3703B41C0E25AC002E70A2 /* ServiceLocator.swift */ = {isa = PBXFileReference; fileEncoding = 4; lastKnownFileType = sourcecode.swift; path = ServiceLocator.swift; sourceTree = "<group>"; };
		2E3703B91C0E26B1002E70A2 /* DefaultServiceLocator.swift */ = {isa = PBXFileReference; fileEncoding = 4; lastKnownFileType = sourcecode.swift; path = DefaultServiceLocator.swift; sourceTree = "<group>"; };
		2E3A7D1C1C16FB6600F62D62 /* Assembly+Network.swift */ = {isa = PBXFileReference; fileEncoding = 4; lastKnownFileType = sourcecode.swift; path = "Assembly+Network.swift"; sourceTree = "<group>"; };
		2E3A7D201C16FCE800F62D62 /* TMDBRequestProcessor.swift */ = {isa = PBXFileReference; fileEncoding = 4; lastKnownFileType = sourcecode.swift; path = TMDBRequestProcessor.swift; sourceTree = "<group>"; };
		2E3A7D221C16FF1B00F62D62 /* Assembly+MediaServices.swift */ = {isa = PBXFileReference; fileEncoding = 4; lastKnownFileType = sourcecode.swift; path = "Assembly+MediaServices.swift"; sourceTree = "<group>"; };
		2E3A7D241C16FFF900F62D62 /* Assembly+Repositories.swift */ = {isa = PBXFileReference; fileEncoding = 4; lastKnownFileType = sourcecode.swift; path = "Assembly+Repositories.swift"; sourceTree = "<group>"; };
		2E3A7D261C17006D00F62D62 /* Assembly+Parsers.swift */ = {isa = PBXFileReference; fileEncoding = 4; lastKnownFileType = sourcecode.swift; path = "Assembly+Parsers.swift"; sourceTree = "<group>"; };
		2E3A7D281C1700AE00F62D62 /* TMDBMovieMediaServiceSearchApiParser.swift */ = {isa = PBXFileReference; fileEncoding = 4; lastKnownFileType = sourcecode.swift; path = TMDBMovieMediaServiceSearchApiParser.swift; sourceTree = "<group>"; };
		2E3A7D2C1C17062C00F62D62 /* Dictionary+Extended.swift */ = {isa = PBXFileReference; fileEncoding = 4; lastKnownFileType = sourcecode.swift; path = "Dictionary+Extended.swift"; sourceTree = "<group>"; };
		2E8E220D1C2036BE0027363D /* TMDBMovieMediaServiceMovieApiToDomainMapper.swift */ = {isa = PBXFileReference; fileEncoding = 4; lastKnownFileType = sourcecode.swift; path = TMDBMovieMediaServiceMovieApiToDomainMapper.swift; sourceTree = "<group>"; };
		2E8E220F1C2038FC0027363D /* MovieGenre.swift */ = {isa = PBXFileReference; fileEncoding = 4; lastKnownFileType = sourcecode.swift; path = MovieGenre.swift; sourceTree = "<group>"; };
		2E8E22111C20391F0027363D /* TMDBMovieMediaServiceMovieGenreApiToDomainMapper.swift */ = {isa = PBXFileReference; fileEncoding = 4; lastKnownFileType = sourcecode.swift; path = TMDBMovieMediaServiceMovieGenreApiToDomainMapper.swift; sourceTree = "<group>"; };
		2E8E22131C2039B00027363D /* MovieProductionCompany.swift */ = {isa = PBXFileReference; fileEncoding = 4; lastKnownFileType = sourcecode.swift; path = MovieProductionCompany.swift; sourceTree = "<group>"; };
		2E8E22151C203A040027363D /* TMDBMovieMediaServiceMovieProductionCompanyApiToDomainMapper.swift */ = {isa = PBXFileReference; fileEncoding = 4; lastKnownFileType = sourcecode.swift; path = TMDBMovieMediaServiceMovieProductionCompanyApiToDomainMapper.swift; sourceTree = "<group>"; };
		2E8E22171C203A570027363D /* MovieProductionCountry.swift */ = {isa = PBXFileReference; fileEncoding = 4; lastKnownFileType = sourcecode.swift; path = MovieProductionCountry.swift; sourceTree = "<group>"; };
		2E8E22191C203A8B0027363D /* TMDBMovieMediaServiceMovieProductionCountryApiToDomainMapper.swift */ = {isa = PBXFileReference; fileEncoding = 4; lastKnownFileType = sourcecode.swift; path = TMDBMovieMediaServiceMovieProductionCountryApiToDomainMapper.swift; sourceTree = "<group>"; };
		2E8E221B1C203AE90027363D /* MovieSpokenLanguage.swift */ = {isa = PBXFileReference; fileEncoding = 4; lastKnownFileType = sourcecode.swift; path = MovieSpokenLanguage.swift; sourceTree = "<group>"; };
		2E8E221D1C203B180027363D /* TMDBMovieMediaServiceMovieSpokenLanguageApiToDomainMapper.swift */ = {isa = PBXFileReference; fileEncoding = 4; lastKnownFileType = sourcecode.swift; path = TMDBMovieMediaServiceMovieSpokenLanguageApiToDomainMapper.swift; sourceTree = "<group>"; };
		2ED279A41C22D3FA00813481 /* TMDBMovieMediaServiceMovieProductionCompanyApiToDomainMapperSpec.swift */ = {isa = PBXFileReference; fileEncoding = 4; lastKnownFileType = sourcecode.swift; path = TMDBMovieMediaServiceMovieProductionCompanyApiToDomainMapperSpec.swift; sourceTree = "<group>"; };
		2EEDBD591C21A2A800CE3F30 /* TMDBMovieMediaServiceGetMovieByIdApiDataSource.swift */ = {isa = PBXFileReference; fileEncoding = 4; lastKnownFileType = sourcecode.swift; path = TMDBMovieMediaServiceGetMovieByIdApiDataSource.swift; sourceTree = "<group>"; };
		2EEDBD5A1C21A2A800CE3F30 /* TMDBMovieMediaServiceGetMoviesByModeApiDataSource.swift */ = {isa = PBXFileReference; fileEncoding = 4; lastKnownFileType = sourcecode.swift; path = TMDBMovieMediaServiceGetMoviesByModeApiDataSource.swift; sourceTree = "<group>"; };
		2EEDBD5B1C21A2A800CE3F30 /* TMDBMovieMediaServiceSearchApiDataSource.swift */ = {isa = PBXFileReference; fileEncoding = 4; lastKnownFileType = sourcecode.swift; path = TMDBMovieMediaServiceSearchApiDataSource.swift; sourceTree = "<group>"; };
		2EEDBD631C21A57600CE3F30 /* DictionaryExtendedSpec.swift */ = {isa = PBXFileReference; fileEncoding = 4; lastKnownFileType = sourcecode.swift; path = DictionaryExtendedSpec.swift; sourceTree = "<group>"; };
		2EEDBD651C21A57600CE3F30 /* TestEnviromentDetectorSpec.swift */ = {isa = PBXFileReference; fileEncoding = 4; lastKnownFileType = sourcecode.swift; path = TestEnviromentDetectorSpec.swift; sourceTree = "<group>"; };
		2EEDBD6A1C21A57600CE3F30 /* AlamofireHTTPClientSpec.swift */ = {isa = PBXFileReference; fileEncoding = 4; lastKnownFileType = sourcecode.swift; path = AlamofireHTTPClientSpec.swift; sourceTree = "<group>"; };
		2EEDBD6B1C21A57600CE3F30 /* AlamofireHTTPRequestBuilderSpec.swift */ = {isa = PBXFileReference; fileEncoding = 4; lastKnownFileType = sourcecode.swift; path = AlamofireHTTPRequestBuilderSpec.swift; sourceTree = "<group>"; };
		2EEDBD6C1C21A57600CE3F30 /* AlamofireHTTPRequestSpec.swift */ = {isa = PBXFileReference; fileEncoding = 4; lastKnownFileType = sourcecode.swift; path = AlamofireHTTPRequestSpec.swift; sourceTree = "<group>"; };
		2EEDBD6E1C21A57600CE3F30 /* DefaultServiceLocatorSpec.swift */ = {isa = PBXFileReference; fileEncoding = 4; lastKnownFileType = sourcecode.swift; path = DefaultServiceLocatorSpec.swift; sourceTree = "<group>"; };
		2EEDBD7D1C21A6AA00CE3F30 /* JSONLoader.swift */ = {isa = PBXFileReference; fileEncoding = 4; lastKnownFileType = sourcecode.swift; path = JSONLoader.swift; sourceTree = "<group>"; };
		2EEDBD891C21A83800CE3F30 /* TMDBRequestProcessorSpec.swift */ = {isa = PBXFileReference; fileEncoding = 4; lastKnownFileType = sourcecode.swift; path = TMDBRequestProcessorSpec.swift; sourceTree = "<group>"; };
		2EEDBD8B1C21AAB300CE3F30 /* TMDBDateFormatterSpec.swift */ = {isa = PBXFileReference; fileEncoding = 4; lastKnownFileType = sourcecode.swift; path = TMDBDateFormatterSpec.swift; sourceTree = "<group>"; };
		2EEDBD8D1C21AEF300CE3F30 /* TMDBMovieMediaServiceSpokenLanguageApiParserSpec.swift */ = {isa = PBXFileReference; fileEncoding = 4; lastKnownFileType = sourcecode.swift; path = TMDBMovieMediaServiceSpokenLanguageApiParserSpec.swift; sourceTree = "<group>"; };
		2EEDBD911C21AF7100CE3F30 /* single_spoken_language.json */ = {isa = PBXFileReference; fileEncoding = 4; lastKnownFileType = text.json; path = single_spoken_language.json; sourceTree = "<group>"; };
		2EEDBD951C21B13E00CE3F30 /* TMDBMovieMediaServiceProductionCountryApiParserSpec.swift */ = {isa = PBXFileReference; fileEncoding = 4; lastKnownFileType = sourcecode.swift; path = TMDBMovieMediaServiceProductionCountryApiParserSpec.swift; sourceTree = "<group>"; };
		2EEDBD971C21B1CB00CE3F30 /* single_production_country.json */ = {isa = PBXFileReference; fileEncoding = 4; lastKnownFileType = text.json; path = single_production_country.json; sourceTree = "<group>"; };
		2EEDBD991C21B21E00CE3F30 /* TMDBMovieMediaServiceProductionCompanyApiParserSpec.swift */ = {isa = PBXFileReference; fileEncoding = 4; lastKnownFileType = sourcecode.swift; path = TMDBMovieMediaServiceProductionCompanyApiParserSpec.swift; sourceTree = "<group>"; };
		2EEDBD9B1C21B28C00CE3F30 /* single_production_company.json */ = {isa = PBXFileReference; fileEncoding = 4; lastKnownFileType = text.json; path = single_production_company.json; sourceTree = "<group>"; };
		2EEDBD9D1C21B2D800CE3F30 /* TMDBMovieMediaServiceGenreApiParserSpec.swift */ = {isa = PBXFileReference; fileEncoding = 4; lastKnownFileType = sourcecode.swift; path = TMDBMovieMediaServiceGenreApiParserSpec.swift; sourceTree = "<group>"; };
		2EEDBD9F1C21B34600CE3F30 /* single_genre.json */ = {isa = PBXFileReference; fileEncoding = 4; lastKnownFileType = text.json; path = single_genre.json; sourceTree = "<group>"; };
		2EEDBDA11C220D6F00CE3F30 /* TMDBMovieMediaServiceSearchApiParserSpec.swift */ = {isa = PBXFileReference; fileEncoding = 4; lastKnownFileType = sourcecode.swift; path = TMDBMovieMediaServiceSearchApiParserSpec.swift; sourceTree = "<group>"; };
		2EEDBDA31C220EA300CE3F30 /* single_movie_search_result.json */ = {isa = PBXFileReference; fileEncoding = 4; lastKnownFileType = text.json; path = single_movie_search_result.json; sourceTree = "<group>"; };
		2EEDBDA51C2210AB00CE3F30 /* TMDBMovieMediaServiceMovieApiParserSpec.swift */ = {isa = PBXFileReference; fileEncoding = 4; lastKnownFileType = sourcecode.swift; path = TMDBMovieMediaServiceMovieApiParserSpec.swift; sourceTree = "<group>"; };
		2EEDBDA71C22110600CE3F30 /* single_movie.json */ = {isa = PBXFileReference; fileEncoding = 4; lastKnownFileType = text.json; path = single_movie.json; sourceTree = "<group>"; };
		2EEDBDA91C2217B600CE3F30 /* TMDBMovieMediaServiceSearchApiToDomainMapperSpec.swift */ = {isa = PBXFileReference; fileEncoding = 4; lastKnownFileType = sourcecode.swift; path = TMDBMovieMediaServiceSearchApiToDomainMapperSpec.swift; sourceTree = "<group>"; };
		2EEDBDAC1C2217F700CE3F30 /* Assembly+ApiModels.swift */ = {isa = PBXFileReference; fileEncoding = 4; lastKnownFileType = sourcecode.swift; path = "Assembly+ApiModels.swift"; sourceTree = "<group>"; };
		2EEDBDAF1C22AC2200CE3F30 /* TMDBMovieMediaServiceMovieGenreApiToDomainMapperSpec.swift */ = {isa = PBXFileReference; fileEncoding = 4; lastKnownFileType = sourcecode.swift; path = TMDBMovieMediaServiceMovieGenreApiToDomainMapperSpec.swift; sourceTree = "<group>"; };
		3E7FC5C1F9A1DEE298FEBB59 /* Pods_MovielandTests.framework */ = {isa = PBXFileReference; explicitFileType = wrapper.framework; includeInIndex = 0; path = Pods_MovielandTests.framework; sourceTree = BUILT_PRODUCTS_DIR; };
		52FF7DF0B26CB244E430CA83 /* Pods_Movieland.framework */ = {isa = PBXFileReference; explicitFileType = wrapper.framework; includeInIndex = 0; path = Pods_Movieland.framework; sourceTree = BUILT_PRODUCTS_DIR; };
		603262157CAE4E4D07A89788 /* Pods-MovielandTests.release.xcconfig */ = {isa = PBXFileReference; includeInIndex = 1; lastKnownFileType = text.xcconfig; name = "Pods-MovielandTests.release.xcconfig"; path = "Pods/Target Support Files/Pods-MovielandTests/Pods-MovielandTests.release.xcconfig"; sourceTree = "<group>"; };
		7210D4697F8E6319BDDA9AA1 /* Pods-Movieland.release.xcconfig */ = {isa = PBXFileReference; includeInIndex = 1; lastKnownFileType = text.xcconfig; name = "Pods-Movieland.release.xcconfig"; path = "Pods/Target Support Files/Pods-Movieland/Pods-Movieland.release.xcconfig"; sourceTree = "<group>"; };
		8ABB3DE0AF575187E39F2260 /* Pods-Movieland.debug.xcconfig */ = {isa = PBXFileReference; includeInIndex = 1; lastKnownFileType = text.xcconfig; name = "Pods-Movieland.debug.xcconfig"; path = "Pods/Target Support Files/Pods-Movieland/Pods-Movieland.debug.xcconfig"; sourceTree = "<group>"; };
		F1913698F8A64EAEC755DD73 /* Pods-MovielandTests.debug.xcconfig */ = {isa = PBXFileReference; includeInIndex = 1; lastKnownFileType = text.xcconfig; name = "Pods-MovielandTests.debug.xcconfig"; path = "Pods/Target Support Files/Pods-MovielandTests/Pods-MovielandTests.debug.xcconfig"; sourceTree = "<group>"; };
/* End PBXFileReference section */

/* Begin PBXFrameworksBuildPhase section */
		2E2C67EF1C0E22B400641874 /* Frameworks */ = {
			isa = PBXFrameworksBuildPhase;
			buildActionMask = 2147483647;
			files = (
				EEAED3B0DBE62FF1DDFF81A2 /* Pods_Movieland.framework in Frameworks */,
			);
			runOnlyForDeploymentPostprocessing = 0;
		};
		2E2C68031C0E22B400641874 /* Frameworks */ = {
			isa = PBXFrameworksBuildPhase;
			buildActionMask = 2147483647;
			files = (
				E68C12761B7E6D5F0AA3227D /* Pods_MovielandTests.framework in Frameworks */,
			);
			runOnlyForDeploymentPostprocessing = 0;
		};
		2E2C680E1C0E22B400641874 /* Frameworks */ = {
			isa = PBXFrameworksBuildPhase;
			buildActionMask = 2147483647;
			files = (
			);
			runOnlyForDeploymentPostprocessing = 0;
		};
/* End PBXFrameworksBuildPhase section */

/* Begin PBXGroup section */
		2E155EE81C1DBC9900F7DE18 /* Keys */ = {
			isa = PBXGroup;
			children = (
				2E155EE91C1DBCB600F7DE18 /* Keys.swift */,
			);
			path = Keys;
			sourceTree = "<group>";
		};
		2E155EEB1C1DBF9300F7DE18 /* Domain */ = {
			isa = PBXGroup;
			children = (
				2E155EEC1C1DBF9300F7DE18 /* Model */,
			);
			path = Domain;
			sourceTree = "<group>";
		};
		2E155EEC1C1DBF9300F7DE18 /* Model */ = {
			isa = PBXGroup;
			children = (
				2E155EEF1C1DC03F00F7DE18 /* TMDBMovieSearchResultApiModel.swift */,
				2E155F081C1F4F7400F7DE18 /* TMDBMovieApiModel.swift */,
				2E155F0C1C1F5F9E00F7DE18 /* TMDBMovieGenreApiModel.swift */,
				2E155F141C1F610C00F7DE18 /* TMDBMovieProductionCompanyApiModel.swift */,
				2E155F161C1F613E00F7DE18 /* TMDBMovieProductionCountryApiModel.swift */,
				2E155F1C1C1F640200F7DE18 /* TMDBMovieSpokenLanguageApiModel.swift */,
			);
			path = Model;
			sourceTree = "<group>";
		};
		2E155EF11C1DCAB200F7DE18 /* Mapper */ = {
			isa = PBXGroup;
			children = (
				2E155EF21C1DCADD00F7DE18 /* Mappable.swift */,
			);
			path = Mapper;
			sourceTree = "<group>";
		};
		2E155EF41C1DCB9F00F7DE18 /* Mapper */ = {
			isa = PBXGroup;
			children = (
				2E155EF51C1DCBE500F7DE18 /* TMDBMovieMediaServiceSearchApiToDomainMapper.swift */,
				2E8E220D1C2036BE0027363D /* TMDBMovieMediaServiceMovieApiToDomainMapper.swift */,
				2E8E22111C20391F0027363D /* TMDBMovieMediaServiceMovieGenreApiToDomainMapper.swift */,
				2E8E22151C203A040027363D /* TMDBMovieMediaServiceMovieProductionCompanyApiToDomainMapper.swift */,
				2E8E22191C203A8B0027363D /* TMDBMovieMediaServiceMovieProductionCountryApiToDomainMapper.swift */,
				2E8E221D1C203B180027363D /* TMDBMovieMediaServiceMovieSpokenLanguageApiToDomainMapper.swift */,
			);
			path = Mapper;
			sourceTree = "<group>";
		};
		2E155EF91C1DCE3C00F7DE18 /* Formatters */ = {
			isa = PBXGroup;
			children = (
				2E155EFA1C1DCEB700F7DE18 /* Formateable.swift */,
			);
			path = Formatters;
			sourceTree = "<group>";
		};
		2E155EFD1C1DCFA900F7DE18 /* Formatters */ = {
			isa = PBXGroup;
			children = (
				2E155EFE1C1DCFC200F7DE18 /* TMDBDateFormatter.swift */,
			);
			path = Formatters;
			sourceTree = "<group>";
		};
		2E1D4ADD1C16652C00D474F0 /* Common */ = {
			isa = PBXGroup;
			children = (
				2E155EF91C1DCE3C00F7DE18 /* Formatters */,
				2E3A7D2A1C17060700F62D62 /* Extensions */,
				2E1D4ADE1C16652C00D474F0 /* Test Utils */,
			);
			path = Common;
			sourceTree = "<group>";
		};
		2E1D4ADE1C16652C00D474F0 /* Test Utils */ = {
			isa = PBXGroup;
			children = (
				2E1D4ADF1C16652C00D474F0 /* TestEnviromentDetector.swift */,
			);
			path = "Test Utils";
			sourceTree = "<group>";
		};
		2E1D4AE51C16682600D474F0 /* Network */ = {
			isa = PBXGroup;
			children = (
				2E1D4AE61C16682600D474F0 /* Network Client */,
				2E1D4B061C1670CF00D474F0 /* Parser */,
			);
			path = Network;
			sourceTree = "<group>";
		};
		2E1D4AE61C16682600D474F0 /* Network Client */ = {
			isa = PBXGroup;
			children = (
				2E1D4AE71C16686600D474F0 /* HTTPClient.swift */,
				2E1D4AE91C16686F00D474F0 /* HTTPRequest.swift */,
				2E1D4AEB1C16687B00D474F0 /* HTTPRequestBuilder.swift */,
				2E1D4AED1C16688400D474F0 /* HTTPResponse.swift */,
				2E1D4AEF1C16688F00D474F0 /* HTTPProcessor.swift */,
				2E1D4AF11C1669E800D474F0 /* Alamofire */,
			);
			path = "Network Client";
			sourceTree = "<group>";
		};
		2E1D4AF11C1669E800D474F0 /* Alamofire */ = {
			isa = PBXGroup;
			children = (
				2E1D4AF21C166A0900D474F0 /* AlamofireHTTPClient.swift */,
				2E1D4AF41C166A1700D474F0 /* AlamofireHTTPRequest.swift */,
				2E1D4AF61C166A2400D474F0 /* AlamofireHTTPRequestBuilder.swift */,
				2E1D4AF81C166A3200D474F0 /* AlamofireHTTPResponse.swift */,
			);
			path = Alamofire;
			sourceTree = "<group>";
		};
		2E1D4B061C1670CF00D474F0 /* Parser */ = {
			isa = PBXGroup;
			children = (
				2E1D4B071C1670DC00D474F0 /* Parseable.swift */,
				2E155F181C1F61F400F7DE18 /* Parseable+Extended.swift */,
				2E1D4B091C1670E800D474F0 /* Model.swift */,
			);
			path = Parser;
			sourceTree = "<group>";
		};
		2E1D4B0C1C16726300D474F0 /* App Delegate */ = {
			isa = PBXGroup;
			children = (
				2E1D4B0D1C16726300D474F0 /* AppDelegate.swift */,
			);
			path = "App Delegate";
			sourceTree = "<group>";
		};
		2E1D4B101C167B7D00D474F0 /* Media Service */ = {
			isa = PBXGroup;
			children = (
				2E1D4B111C167B7D00D474F0 /* Movies */,
			);
			path = "Media Service";
			sourceTree = "<group>";
		};
		2E1D4B111C167B7D00D474F0 /* Movies */ = {
			isa = PBXGroup;
			children = (
				2E1D4B131C167BAA00D474F0 /* MovieMediaService.swift */,
				2E1D4B151C167CA200D474F0 /* Domain */,
				2E1D4B191C167F9800D474F0 /* Providers */,
			);
			path = Movies;
			sourceTree = "<group>";
		};
		2E1D4B151C167CA200D474F0 /* Domain */ = {
			isa = PBXGroup;
			children = (
				2E1D4B161C167CAE00D474F0 /* Model */,
			);
			path = Domain;
			sourceTree = "<group>";
		};
		2E1D4B161C167CAE00D474F0 /* Model */ = {
			isa = PBXGroup;
			children = (
				2E1D4B171C167D5F00D474F0 /* Movie.swift */,
				2E8E220F1C2038FC0027363D /* MovieGenre.swift */,
				2E8E22131C2039B00027363D /* MovieProductionCompany.swift */,
				2E8E22171C203A570027363D /* MovieProductionCountry.swift */,
				2E8E221B1C203AE90027363D /* MovieSpokenLanguage.swift */,
				2E155EF71C1DCC6E00F7DE18 /* MovieSearchResult.swift */,
			);
			path = Model;
			sourceTree = "<group>";
		};
		2E1D4B191C167F9800D474F0 /* Providers */ = {
			isa = PBXGroup;
			children = (
				2E1D4B1A1C167FC200D474F0 /* The Movie Data Base */,
			);
			path = Providers;
			sourceTree = "<group>";
		};
		2E1D4B1A1C167FC200D474F0 /* The Movie Data Base */ = {
			isa = PBXGroup;
			children = (
				2E1D4B1B1C16800E00D474F0 /* TMDBMovieMediaService.swift */,
				2E3A7D191C16FAF200F62D62 /* Domain */,
				2E1D4B1D1C1682EE00D474F0 /* Repository */,
				2E1D4B211C16837700D474F0 /* Data Source */,
			);
			name = "The Movie Data Base";
			path = "The Movie Database";
			sourceTree = "<group>";
		};
		2E1D4B1D1C1682EE00D474F0 /* Repository */ = {
			isa = PBXGroup;
			children = (
				2E1D4B1E1C16831F00D474F0 /* TMDBMovieMediaServiceRepository.swift */,
			);
			path = Repository;
			sourceTree = "<group>";
		};
		2E1D4B211C16837700D474F0 /* Data Source */ = {
			isa = PBXGroup;
			children = (
				2E1D4B221C16839400D474F0 /* Api */,
			);
			path = "Data Source";
			sourceTree = "<group>";
		};
		2E1D4B221C16839400D474F0 /* Api */ = {
			isa = PBXGroup;
			children = (
				2E1D4B251C16858F00D474F0 /* TMDBMovieMediaServiceApiDefinition.swift */,
				2E155EEB1C1DBF9300F7DE18 /* Domain */,
				2EEDBD581C21A2A800CE3F30 /* Data Sources */,
			);
			path = Api;
			sourceTree = "<group>";
		};
		2E2C67E91C0E22B400641874 = {
			isa = PBXGroup;
			children = (
				2E2C67F41C0E22B400641874 /* Movieland */,
				2E3703BB1C0E2987002E70A2 /* Tests ✅ */,
				2E2C67F31C0E22B400641874 /* Products */,
				96D63836D0E924D8AA34F366 /* Pods */,
				716E894F312230A62BB6577A /* Frameworks */,
			);
			sourceTree = "<group>";
		};
		2E2C67F31C0E22B400641874 /* Products */ = {
			isa = PBXGroup;
			children = (
				2E2C67F21C0E22B400641874 /* Movieland.app */,
				2E2C68061C0E22B400641874 /* MovielandTests.xctest */,
				2E2C68111C0E22B400641874 /* MovielandUITests.xctest */,
			);
			name = Products;
			sourceTree = "<group>";
		};
		2E2C67F41C0E22B400641874 /* Movieland */ = {
			isa = PBXGroup;
			children = (
				2E3703AE1C0E2504002E70A2 /* Application */,
				2E2C67FE1C0E22B400641874 /* LaunchScreen.storyboard */,
				2E2C68011C0E22B400641874 /* Info.plist */,
				2E2C67FC1C0E22B400641874 /* Assets.xcassets */,
			);
			path = Movieland;
			sourceTree = "<group>";
		};
		2E2C68091C0E22B400641874 /* MovielandTests */ = {
			isa = PBXGroup;
			children = (
				2EEDBD5F1C21A57600CE3F30 /* Application */,
				2EEDBD7B1C21A67700CE3F30 /* Utils */,
				2EEDBD8F1C21AF5900CE3F30 /* Resources */,
				2E2C680C1C0E22B400641874 /* Info.plist */,
			);
			path = MovielandTests;
			sourceTree = "<group>";
		};
		2E2C68141C0E22B400641874 /* MovielandUITests */ = {
			isa = PBXGroup;
			children = (
				2E2C68151C0E22B400641874 /* MovielandUITests.swift */,
				2E2C68171C0E22B400641874 /* Info.plist */,
			);
			path = MovielandUITests;
			sourceTree = "<group>";
		};
		2E3703AE1C0E2504002E70A2 /* Application */ = {
			isa = PBXGroup;
			children = (
				2E1D4B0C1C16726300D474F0 /* App Delegate */,
				2E3703AF1C0E2504002E70A2 /* Core */,
				2E1D4ADD1C16652C00D474F0 /* Common */,
				2E1D4B101C167B7D00D474F0 /* Media Service */,
			);
			path = Application;
			sourceTree = "<group>";
		};
		2E3703AF1C0E2504002E70A2 /* Core */ = {
			isa = PBXGroup;
			children = (
				2E3703B01C0E2504002E70A2 /* Assembly */,
				2E3703B11C0E2504002E70A2 /* Service Locator */,
				2E1D4AE51C16682600D474F0 /* Network */,
				2E155EF11C1DCAB200F7DE18 /* Mapper */,
				2E155EE81C1DBC9900F7DE18 /* Keys */,
			);
			path = Core;
			sourceTree = "<group>";
		};
		2E3703B01C0E2504002E70A2 /* Assembly */ = {
			isa = PBXGroup;
			children = (
				2E3703B21C0E2515002E70A2 /* Assembly.swift */,
				2E3A7D1C1C16FB6600F62D62 /* Assembly+Network.swift */,
				2E3A7D221C16FF1B00F62D62 /* Assembly+MediaServices.swift */,
				2E3A7D241C16FFF900F62D62 /* Assembly+Repositories.swift */,
				2E3A7D261C17006D00F62D62 /* Assembly+Parsers.swift */,
				2E155F001C1DD1F800F7DE18 /* Assembly+Mappers.swift */,
				2E155F041C1DD2BC00F7DE18 /* Assembly+Formatters.swift */,
				2E155F021C1DD27900F7DE18 /* Assembly+Foundation.swift */,
			);
			path = Assembly;
			sourceTree = "<group>";
		};
		2E3703B11C0E2504002E70A2 /* Service Locator */ = {
			isa = PBXGroup;
			children = (
				2E3703B41C0E25AC002E70A2 /* ServiceLocator.swift */,
				2E3703B91C0E26B1002E70A2 /* DefaultServiceLocator.swift */,
			);
			path = "Service Locator";
			sourceTree = "<group>";
		};
		2E3703BB1C0E2987002E70A2 /* Tests ✅ */ = {
			isa = PBXGroup;
			children = (
				2E2C68091C0E22B400641874 /* MovielandTests */,
				2E2C68141C0E22B400641874 /* MovielandUITests */,
			);
			name = "Tests ✅";
			sourceTree = "<group>";
		};
		2E3A7D191C16FAF200F62D62 /* Domain */ = {
			isa = PBXGroup;
			children = (
				2E3A7D1E1C16FCC500F62D62 /* Network */,
				2E3A7D1B1C16FAF200F62D62 /* Parser */,
				2E155EF41C1DCB9F00F7DE18 /* Mapper */,
				2E155EFD1C1DCFA900F7DE18 /* Formatters */,
			);
			path = Domain;
			sourceTree = "<group>";
		};
		2E3A7D1B1C16FAF200F62D62 /* Parser */ = {
			isa = PBXGroup;
			children = (
				2E3A7D281C1700AE00F62D62 /* TMDBMovieMediaServiceSearchApiParser.swift */,
				2E155F0A1C1F521E00F7DE18 /* TMDBMovieMediaServiceMovieApiParser.swift */,
				2E155F0E1C1F5FCE00F7DE18 /* TMDBMovieMediaServiceGenreApiParser.swift */,
				2E155F101C1F604C00F7DE18 /* TMDBMovieMediaServiceProductionCompanyApiParser.swift */,
				2E155F121C1F60C500F7DE18 /* TMDBMovieMediaServiceProductionCountryApiParser.swift */,
				2E155F1A1C1F638200F7DE18 /* TMDBMovieMediaServiceSpokenLanguageApiParser.swift */,
			);
			path = Parser;
			sourceTree = "<group>";
		};
		2E3A7D1E1C16FCC500F62D62 /* Network */ = {
			isa = PBXGroup;
			children = (
				2E3A7D1F1C16FCCC00F62D62 /* Request Processor */,
			);
			path = Network;
			sourceTree = "<group>";
		};
		2E3A7D1F1C16FCCC00F62D62 /* Request Processor */ = {
			isa = PBXGroup;
			children = (
				2E3A7D201C16FCE800F62D62 /* TMDBRequestProcessor.swift */,
			);
			path = "Request Processor";
			sourceTree = "<group>";
		};
		2E3A7D2A1C17060700F62D62 /* Extensions */ = {
			isa = PBXGroup;
			children = (
				2E3A7D2B1C17061100F62D62 /* Dictionary */,
			);
			path = Extensions;
			sourceTree = "<group>";
		};
		2E3A7D2B1C17061100F62D62 /* Dictionary */ = {
			isa = PBXGroup;
			children = (
				2E3A7D2C1C17062C00F62D62 /* Dictionary+Extended.swift */,
			);
			path = Dictionary;
			sourceTree = "<group>";
		};
		2EEDBD581C21A2A800CE3F30 /* Data Sources */ = {
			isa = PBXGroup;
			children = (
				2EEDBD591C21A2A800CE3F30 /* TMDBMovieMediaServiceGetMovieByIdApiDataSource.swift */,
				2EEDBD5A1C21A2A800CE3F30 /* TMDBMovieMediaServiceGetMoviesByModeApiDataSource.swift */,
				2EEDBD5B1C21A2A800CE3F30 /* TMDBMovieMediaServiceSearchApiDataSource.swift */,
			);
			path = "Data Sources";
			sourceTree = "<group>";
		};
		2EEDBD5F1C21A57600CE3F30 /* Application */ = {
			isa = PBXGroup;
			children = (
				2EEDBD661C21A57600CE3F30 /* Core */,
				2EEDBD601C21A57600CE3F30 /* Common */,
				2EEDBD7F1C21A7F200CE3F30 /* Media Service */,
			);
			path = Application;
			sourceTree = "<group>";
		};
		2EEDBD601C21A57600CE3F30 /* Common */ = {
			isa = PBXGroup;
			children = (
				2EEDBD611C21A57600CE3F30 /* Extensions */,
				2EEDBD641C21A57600CE3F30 /* Test Utils */,
			);
			path = Common;
			sourceTree = "<group>";
		};
		2EEDBD611C21A57600CE3F30 /* Extensions */ = {
			isa = PBXGroup;
			children = (
				2EEDBD621C21A57600CE3F30 /* Dictionary */,
			);
			path = Extensions;
			sourceTree = "<group>";
		};
		2EEDBD621C21A57600CE3F30 /* Dictionary */ = {
			isa = PBXGroup;
			children = (
				2EEDBD631C21A57600CE3F30 /* DictionaryExtendedSpec.swift */,
			);
			path = Dictionary;
			sourceTree = "<group>";
		};
		2EEDBD641C21A57600CE3F30 /* Test Utils */ = {
			isa = PBXGroup;
			children = (
				2EEDBD651C21A57600CE3F30 /* TestEnviromentDetectorSpec.swift */,
			);
			path = "Test Utils";
			sourceTree = "<group>";
		};
		2EEDBD661C21A57600CE3F30 /* Core */ = {
			isa = PBXGroup;
			children = (
				2EEDBD671C21A57600CE3F30 /* Network */,
				2EEDBD6D1C21A57600CE3F30 /* Service Locator */,
			);
			path = Core;
			sourceTree = "<group>";
		};
		2EEDBD671C21A57600CE3F30 /* Network */ = {
			isa = PBXGroup;
			children = (
				2EEDBD681C21A57600CE3F30 /* Network Client */,
			);
			path = Network;
			sourceTree = "<group>";
		};
		2EEDBD681C21A57600CE3F30 /* Network Client */ = {
			isa = PBXGroup;
			children = (
				2EEDBD691C21A57600CE3F30 /* Alamofire */,
			);
			path = "Network Client";
			sourceTree = "<group>";
		};
		2EEDBD691C21A57600CE3F30 /* Alamofire */ = {
			isa = PBXGroup;
			children = (
				2EEDBD6A1C21A57600CE3F30 /* AlamofireHTTPClientSpec.swift */,
				2EEDBD6B1C21A57600CE3F30 /* AlamofireHTTPRequestBuilderSpec.swift */,
				2EEDBD6C1C21A57600CE3F30 /* AlamofireHTTPRequestSpec.swift */,
			);
			path = Alamofire;
			sourceTree = "<group>";
		};
		2EEDBD6D1C21A57600CE3F30 /* Service Locator */ = {
			isa = PBXGroup;
			children = (
				2EEDBD6E1C21A57600CE3F30 /* DefaultServiceLocatorSpec.swift */,
			);
			path = "Service Locator";
			sourceTree = "<group>";
		};
		2EEDBD7B1C21A67700CE3F30 /* Utils */ = {
			isa = PBXGroup;
			children = (
				2EEDBD7C1C21A67700CE3F30 /* JSON Loader */,
			);
			path = Utils;
			sourceTree = "<group>";
		};
		2EEDBD7C1C21A67700CE3F30 /* JSON Loader */ = {
			isa = PBXGroup;
			children = (
				2EEDBD7D1C21A6AA00CE3F30 /* JSONLoader.swift */,
			);
			path = "JSON Loader";
			sourceTree = "<group>";
		};
		2EEDBD7F1C21A7F200CE3F30 /* Media Service */ = {
			isa = PBXGroup;
			children = (
				2EEDBD801C21A7F200CE3F30 /* Movies */,
			);
			path = "Media Service";
			sourceTree = "<group>";
		};
		2EEDBD801C21A7F200CE3F30 /* Movies */ = {
			isa = PBXGroup;
			children = (
				2EEDBD811C21A7F200CE3F30 /* Providers */,
			);
			path = Movies;
			sourceTree = "<group>";
		};
		2EEDBD811C21A7F200CE3F30 /* Providers */ = {
			isa = PBXGroup;
			children = (
				2EEDBD821C21A7F200CE3F30 /* The Movie Data Base */,
			);
			path = Providers;
			sourceTree = "<group>";
		};
		2EEDBD821C21A7F200CE3F30 /* The Movie Data Base */ = {
			isa = PBXGroup;
			children = (
				2EEDBD831C21A7F200CE3F30 /* Domain */,
			);
			path = "The Movie Data Base";
			sourceTree = "<group>";
		};
		2EEDBD831C21A7F200CE3F30 /* Domain */ = {
			isa = PBXGroup;
			children = (
				2EEDBD861C21A7F200CE3F30 /* Network */,
				2EEDBD881C21A7F200CE3F30 /* Parser */,
				2EEDBD851C21A7F200CE3F30 /* Mapper */,
				2EEDBD841C21A7F200CE3F30 /* Formatters */,
			);
			path = Domain;
			sourceTree = "<group>";
		};
		2EEDBD841C21A7F200CE3F30 /* Formatters */ = {
			isa = PBXGroup;
			children = (
				2EEDBD8B1C21AAB300CE3F30 /* TMDBDateFormatterSpec.swift */,
			);
			path = Formatters;
			sourceTree = "<group>";
		};
		2EEDBD851C21A7F200CE3F30 /* Mapper */ = {
			isa = PBXGroup;
			children = (
				2EEDBDA91C2217B600CE3F30 /* TMDBMovieMediaServiceSearchApiToDomainMapperSpec.swift */,
				2EEDBDAF1C22AC2200CE3F30 /* TMDBMovieMediaServiceMovieGenreApiToDomainMapperSpec.swift */,
				2ED279A41C22D3FA00813481 /* TMDBMovieMediaServiceMovieProductionCompanyApiToDomainMapperSpec.swift */,
			);
			path = Mapper;
			sourceTree = "<group>";
		};
		2EEDBD861C21A7F200CE3F30 /* Network */ = {
			isa = PBXGroup;
			children = (
				2EEDBD871C21A7F200CE3F30 /* Request Processor */,
			);
			path = Network;
			sourceTree = "<group>";
		};
		2EEDBD871C21A7F200CE3F30 /* Request Processor */ = {
			isa = PBXGroup;
			children = (
				2EEDBD891C21A83800CE3F30 /* TMDBRequestProcessorSpec.swift */,
			);
			path = "Request Processor";
			sourceTree = "<group>";
		};
		2EEDBD881C21A7F200CE3F30 /* Parser */ = {
			isa = PBXGroup;
			children = (
				2EEDBDA11C220D6F00CE3F30 /* TMDBMovieMediaServiceSearchApiParserSpec.swift */,
				2EEDBDA51C2210AB00CE3F30 /* TMDBMovieMediaServiceMovieApiParserSpec.swift */,
				2EEDBD9D1C21B2D800CE3F30 /* TMDBMovieMediaServiceGenreApiParserSpec.swift */,
				2EEDBD991C21B21E00CE3F30 /* TMDBMovieMediaServiceProductionCompanyApiParserSpec.swift */,
				2EEDBD8D1C21AEF300CE3F30 /* TMDBMovieMediaServiceSpokenLanguageApiParserSpec.swift */,
				2EEDBD951C21B13E00CE3F30 /* TMDBMovieMediaServiceProductionCountryApiParserSpec.swift */,
			);
			path = Parser;
			sourceTree = "<group>";
		};
		2EEDBD8F1C21AF5900CE3F30 /* Resources */ = {
			isa = PBXGroup;
			children = (
				2EEDBDAB1C2217DC00CE3F30 /* Assembly */,
				2EEDBD901C21AF5900CE3F30 /* Fixtures */,
			);
			path = Resources;
			sourceTree = "<group>";
		};
		2EEDBD901C21AF5900CE3F30 /* Fixtures */ = {
			isa = PBXGroup;
			children = (
				2EEDBD911C21AF7100CE3F30 /* single_spoken_language.json */,
				2EEDBD971C21B1CB00CE3F30 /* single_production_country.json */,
				2EEDBD9B1C21B28C00CE3F30 /* single_production_company.json */,
				2EEDBD9F1C21B34600CE3F30 /* single_genre.json */,
				2EEDBDA31C220EA300CE3F30 /* single_movie_search_result.json */,
				2EEDBDA71C22110600CE3F30 /* single_movie.json */,
			);
			path = Fixtures;
			sourceTree = "<group>";
		};
		2EEDBDAB1C2217DC00CE3F30 /* Assembly */ = {
			isa = PBXGroup;
			children = (
				2EEDBDAC1C2217F700CE3F30 /* Assembly+ApiModels.swift */,
			);
			path = Assembly;
			sourceTree = "<group>";
		};
		716E894F312230A62BB6577A /* Frameworks */ = {
			isa = PBXGroup;
			children = (
				3E7FC5C1F9A1DEE298FEBB59 /* Pods_MovielandTests.framework */,
				52FF7DF0B26CB244E430CA83 /* Pods_Movieland.framework */,
			);
			name = Frameworks;
			sourceTree = "<group>";
		};
		96D63836D0E924D8AA34F366 /* Pods */ = {
			isa = PBXGroup;
			children = (
				F1913698F8A64EAEC755DD73 /* Pods-MovielandTests.debug.xcconfig */,
				603262157CAE4E4D07A89788 /* Pods-MovielandTests.release.xcconfig */,
				8ABB3DE0AF575187E39F2260 /* Pods-Movieland.debug.xcconfig */,
				7210D4697F8E6319BDDA9AA1 /* Pods-Movieland.release.xcconfig */,
			);
			name = Pods;
			sourceTree = "<group>";
		};
/* End PBXGroup section */

/* Begin PBXNativeTarget section */
		2E2C67F11C0E22B400641874 /* Movieland */ = {
			isa = PBXNativeTarget;
			buildConfigurationList = 2E2C681A1C0E22B400641874 /* Build configuration list for PBXNativeTarget "Movieland" */;
			buildPhases = (
				0D679A686402235502A218ED /* Check Pods Manifest.lock */,
				2E2C67EE1C0E22B400641874 /* Sources */,
				2E2C67EF1C0E22B400641874 /* Frameworks */,
				2E2C67F01C0E22B400641874 /* Resources */,
				76F20EE203898C77BB4BF1B2 /* Embed Pods Frameworks */,
				A4E36542EECAC72D4D4AFE45 /* Copy Pods Resources */,
			);
			buildRules = (
			);
			dependencies = (
			);
			name = Movieland;
			productName = Movieland;
			productReference = 2E2C67F21C0E22B400641874 /* Movieland.app */;
			productType = "com.apple.product-type.application";
		};
		2E2C68051C0E22B400641874 /* MovielandTests */ = {
			isa = PBXNativeTarget;
			buildConfigurationList = 2E2C681D1C0E22B400641874 /* Build configuration list for PBXNativeTarget "MovielandTests" */;
			buildPhases = (
				D48E3C8997EA603706D30C30 /* Check Pods Manifest.lock */,
				2E2C68021C0E22B400641874 /* Sources */,
				2E2C68031C0E22B400641874 /* Frameworks */,
				2E2C68041C0E22B400641874 /* Resources */,
				438A3EC39C896C229012C8AD /* Embed Pods Frameworks */,
				1D7B0549CB8A2870824CE367 /* Copy Pods Resources */,
			);
			buildRules = (
			);
			dependencies = (
				2E2C68081C0E22B400641874 /* PBXTargetDependency */,
			);
			name = MovielandTests;
			productName = MovielandTests;
			productReference = 2E2C68061C0E22B400641874 /* MovielandTests.xctest */;
			productType = "com.apple.product-type.bundle.unit-test";
		};
		2E2C68101C0E22B400641874 /* MovielandUITests */ = {
			isa = PBXNativeTarget;
			buildConfigurationList = 2E2C68201C0E22B400641874 /* Build configuration list for PBXNativeTarget "MovielandUITests" */;
			buildPhases = (
				2E2C680D1C0E22B400641874 /* Sources */,
				2E2C680E1C0E22B400641874 /* Frameworks */,
				2E2C680F1C0E22B400641874 /* Resources */,
			);
			buildRules = (
			);
			dependencies = (
				2E2C68131C0E22B400641874 /* PBXTargetDependency */,
			);
			name = MovielandUITests;
			productName = MovielandUITests;
			productReference = 2E2C68111C0E22B400641874 /* MovielandUITests.xctest */;
			productType = "com.apple.product-type.bundle.ui-testing";
		};
/* End PBXNativeTarget section */

/* Begin PBXProject section */
		2E2C67EA1C0E22B400641874 /* Project object */ = {
			isa = PBXProject;
			attributes = {
				LastSwiftUpdateCheck = 0710;
				LastUpgradeCheck = 0710;
				ORGANIZATIONNAME = Skydev;
				TargetAttributes = {
					2E2C67F11C0E22B400641874 = {
						CreatedOnToolsVersion = 7.1.1;
					};
					2E2C68051C0E22B400641874 = {
						CreatedOnToolsVersion = 7.1.1;
						TestTargetID = 2E2C67F11C0E22B400641874;
					};
					2E2C68101C0E22B400641874 = {
						CreatedOnToolsVersion = 7.1.1;
						TestTargetID = 2E2C67F11C0E22B400641874;
					};
				};
			};
			buildConfigurationList = 2E2C67ED1C0E22B400641874 /* Build configuration list for PBXProject "Movieland" */;
			compatibilityVersion = "Xcode 3.2";
			developmentRegion = English;
			hasScannedForEncodings = 0;
			knownRegions = (
				en,
				Base,
			);
			mainGroup = 2E2C67E91C0E22B400641874;
			productRefGroup = 2E2C67F31C0E22B400641874 /* Products */;
			projectDirPath = "";
			projectRoot = "";
			targets = (
				2E2C67F11C0E22B400641874 /* Movieland */,
				2E2C68051C0E22B400641874 /* MovielandTests */,
				2E2C68101C0E22B400641874 /* MovielandUITests */,
			);
		};
/* End PBXProject section */

/* Begin PBXResourcesBuildPhase section */
		2E2C67F01C0E22B400641874 /* Resources */ = {
			isa = PBXResourcesBuildPhase;
			buildActionMask = 2147483647;
			files = (
				2E2C68001C0E22B400641874 /* LaunchScreen.storyboard in Resources */,
				2E2C67FD1C0E22B400641874 /* Assets.xcassets in Resources */,
			);
			runOnlyForDeploymentPostprocessing = 0;
		};
		2E2C68041C0E22B400641874 /* Resources */ = {
			isa = PBXResourcesBuildPhase;
			buildActionMask = 2147483647;
			files = (
				2EEDBDA41C220EA300CE3F30 /* single_movie_search_result.json in Resources */,
				2EEDBD9C1C21B28C00CE3F30 /* single_production_company.json in Resources */,
				2EEDBDA81C22110600CE3F30 /* single_movie.json in Resources */,
				2EEDBD921C21AF7100CE3F30 /* single_spoken_language.json in Resources */,
				2EEDBD981C21B1CB00CE3F30 /* single_production_country.json in Resources */,
				2EEDBDA01C21B34600CE3F30 /* single_genre.json in Resources */,
			);
			runOnlyForDeploymentPostprocessing = 0;
		};
		2E2C680F1C0E22B400641874 /* Resources */ = {
			isa = PBXResourcesBuildPhase;
			buildActionMask = 2147483647;
			files = (
			);
			runOnlyForDeploymentPostprocessing = 0;
		};
/* End PBXResourcesBuildPhase section */

/* Begin PBXShellScriptBuildPhase section */
		0D679A686402235502A218ED /* Check Pods Manifest.lock */ = {
			isa = PBXShellScriptBuildPhase;
			buildActionMask = 2147483647;
			files = (
			);
			inputPaths = (
			);
			name = "Check Pods Manifest.lock";
			outputPaths = (
			);
			runOnlyForDeploymentPostprocessing = 0;
			shellPath = /bin/sh;
			shellScript = "diff \"${PODS_ROOT}/../Podfile.lock\" \"${PODS_ROOT}/Manifest.lock\" > /dev/null\nif [[ $? != 0 ]] ; then\n    cat << EOM\nerror: The sandbox is not in sync with the Podfile.lock. Run 'pod install' or update your CocoaPods installation.\nEOM\n    exit 1\nfi\n";
			showEnvVarsInLog = 0;
		};
		1D7B0549CB8A2870824CE367 /* Copy Pods Resources */ = {
			isa = PBXShellScriptBuildPhase;
			buildActionMask = 2147483647;
			files = (
			);
			inputPaths = (
			);
			name = "Copy Pods Resources";
			outputPaths = (
			);
			runOnlyForDeploymentPostprocessing = 0;
			shellPath = /bin/sh;
			shellScript = "\"${SRCROOT}/Pods/Target Support Files/Pods-MovielandTests/Pods-MovielandTests-resources.sh\"\n";
			showEnvVarsInLog = 0;
		};
		438A3EC39C896C229012C8AD /* Embed Pods Frameworks */ = {
			isa = PBXShellScriptBuildPhase;
			buildActionMask = 2147483647;
			files = (
			);
			inputPaths = (
			);
			name = "Embed Pods Frameworks";
			outputPaths = (
			);
			runOnlyForDeploymentPostprocessing = 0;
			shellPath = /bin/sh;
			shellScript = "\"${SRCROOT}/Pods/Target Support Files/Pods-MovielandTests/Pods-MovielandTests-frameworks.sh\"\n";
			showEnvVarsInLog = 0;
		};
		76F20EE203898C77BB4BF1B2 /* Embed Pods Frameworks */ = {
			isa = PBXShellScriptBuildPhase;
			buildActionMask = 2147483647;
			files = (
			);
			inputPaths = (
			);
			name = "Embed Pods Frameworks";
			outputPaths = (
			);
			runOnlyForDeploymentPostprocessing = 0;
			shellPath = /bin/sh;
			shellScript = "\"${SRCROOT}/Pods/Target Support Files/Pods-Movieland/Pods-Movieland-frameworks.sh\"\n";
			showEnvVarsInLog = 0;
		};
		A4E36542EECAC72D4D4AFE45 /* Copy Pods Resources */ = {
			isa = PBXShellScriptBuildPhase;
			buildActionMask = 2147483647;
			files = (
			);
			inputPaths = (
			);
			name = "Copy Pods Resources";
			outputPaths = (
			);
			runOnlyForDeploymentPostprocessing = 0;
			shellPath = /bin/sh;
			shellScript = "\"${SRCROOT}/Pods/Target Support Files/Pods-Movieland/Pods-Movieland-resources.sh\"\n";
			showEnvVarsInLog = 0;
		};
		D48E3C8997EA603706D30C30 /* Check Pods Manifest.lock */ = {
			isa = PBXShellScriptBuildPhase;
			buildActionMask = 2147483647;
			files = (
			);
			inputPaths = (
			);
			name = "Check Pods Manifest.lock";
			outputPaths = (
			);
			runOnlyForDeploymentPostprocessing = 0;
			shellPath = /bin/sh;
			shellScript = "diff \"${PODS_ROOT}/../Podfile.lock\" \"${PODS_ROOT}/Manifest.lock\" > /dev/null\nif [[ $? != 0 ]] ; then\n    cat << EOM\nerror: The sandbox is not in sync with the Podfile.lock. Run 'pod install' or update your CocoaPods installation.\nEOM\n    exit 1\nfi\n";
			showEnvVarsInLog = 0;
		};
/* End PBXShellScriptBuildPhase section */

/* Begin PBXSourcesBuildPhase section */
		2E2C67EE1C0E22B400641874 /* Sources */ = {
			isa = PBXSourcesBuildPhase;
			buildActionMask = 2147483647;
			files = (
				2E1D4B1F1C16831F00D474F0 /* TMDBMovieMediaServiceRepository.swift in Sources */,
				2E8E22161C203A040027363D /* TMDBMovieMediaServiceMovieProductionCompanyApiToDomainMapper.swift in Sources */,
				2E3A7D231C16FF1B00F62D62 /* Assembly+MediaServices.swift in Sources */,
				2E3703BA1C0E26B1002E70A2 /* DefaultServiceLocator.swift in Sources */,
				2E3703B51C0E25AC002E70A2 /* ServiceLocator.swift in Sources */,
				2E155F131C1F60C500F7DE18 /* TMDBMovieMediaServiceProductionCountryApiParser.swift in Sources */,
				2E155F031C1DD27900F7DE18 /* Assembly+Foundation.swift in Sources */,
				2E1D4B181C167D5F00D474F0 /* Movie.swift in Sources */,
				2E155F1D1C1F640200F7DE18 /* TMDBMovieSpokenLanguageApiModel.swift in Sources */,
				2E3A7D2D1C17062C00F62D62 /* Dictionary+Extended.swift in Sources */,
				2E1D4AE81C16686600D474F0 /* HTTPClient.swift in Sources */,
				2E155F0B1C1F521E00F7DE18 /* TMDBMovieMediaServiceMovieApiParser.swift in Sources */,
				2E8E221C1C203AE90027363D /* MovieSpokenLanguage.swift in Sources */,
				2E155F011C1DD1F800F7DE18 /* Assembly+Mappers.swift in Sources */,
				2E3A7D211C16FCE800F62D62 /* TMDBRequestProcessor.swift in Sources */,
				2E155F191C1F61F400F7DE18 /* Parseable+Extended.swift in Sources */,
				2E155EFB1C1DCEB700F7DE18 /* Formateable.swift in Sources */,
				2E8E22101C2038FC0027363D /* MovieGenre.swift in Sources */,
				2E1D4AF91C166A3200D474F0 /* AlamofireHTTPResponse.swift in Sources */,
				2E155EF81C1DCC6E00F7DE18 /* MovieSearchResult.swift in Sources */,
				2E155F0D1C1F5F9E00F7DE18 /* TMDBMovieGenreApiModel.swift in Sources */,
				2E1D4B141C167BAA00D474F0 /* MovieMediaService.swift in Sources */,
				2E155EF31C1DCADD00F7DE18 /* Mappable.swift in Sources */,
				2E155EF01C1DC03F00F7DE18 /* TMDBMovieSearchResultApiModel.swift in Sources */,
				2E155F051C1DD2BC00F7DE18 /* Assembly+Formatters.swift in Sources */,
				2E1D4B261C16858F00D474F0 /* TMDBMovieMediaServiceApiDefinition.swift in Sources */,
				2E1D4AEC1C16687B00D474F0 /* HTTPRequestBuilder.swift in Sources */,
				2E1D4AF01C16688F00D474F0 /* HTTPProcessor.swift in Sources */,
				2E155F111C1F604C00F7DE18 /* TMDBMovieMediaServiceProductionCompanyApiParser.swift in Sources */,
				2E8E22181C203A570027363D /* MovieProductionCountry.swift in Sources */,
				2EEDBD5D1C21A2A800CE3F30 /* TMDBMovieMediaServiceGetMoviesByModeApiDataSource.swift in Sources */,
				2E1D4B0A1C1670E800D474F0 /* Model.swift in Sources */,
				2E1D4AEA1C16686F00D474F0 /* HTTPRequest.swift in Sources */,
				2E1D4AEE1C16688400D474F0 /* HTTPResponse.swift in Sources */,
				2E8E221A1C203A8B0027363D /* TMDBMovieMediaServiceMovieProductionCountryApiToDomainMapper.swift in Sources */,
				2E3A7D271C17006D00F62D62 /* Assembly+Parsers.swift in Sources */,
				2E155F091C1F4F7400F7DE18 /* TMDBMovieApiModel.swift in Sources */,
				2EEDBD5C1C21A2A800CE3F30 /* TMDBMovieMediaServiceGetMovieByIdApiDataSource.swift in Sources */,
				2E3A7D1D1C16FB6600F62D62 /* Assembly+Network.swift in Sources */,
				2E155F171C1F613E00F7DE18 /* TMDBMovieProductionCountryApiModel.swift in Sources */,
				2E155EEA1C1DBCB600F7DE18 /* Keys.swift in Sources */,
				2E1D4AF31C166A0900D474F0 /* AlamofireHTTPClient.swift in Sources */,
				2E3703B31C0E2515002E70A2 /* Assembly.swift in Sources */,
				2E1D4AF51C166A1700D474F0 /* AlamofireHTTPRequest.swift in Sources */,
				2E1D4B1C1C16800E00D474F0 /* TMDBMovieMediaService.swift in Sources */,
				2E1D4AE01C16652C00D474F0 /* TestEnviromentDetector.swift in Sources */,
				2E155F0F1C1F5FCE00F7DE18 /* TMDBMovieMediaServiceGenreApiParser.swift in Sources */,
				2E1D4AF71C166A2400D474F0 /* AlamofireHTTPRequestBuilder.swift in Sources */,
				2E3A7D251C16FFF900F62D62 /* Assembly+Repositories.swift in Sources */,
				2E155EF61C1DCBE500F7DE18 /* TMDBMovieMediaServiceSearchApiToDomainMapper.swift in Sources */,
				2E155F1B1C1F638200F7DE18 /* TMDBMovieMediaServiceSpokenLanguageApiParser.swift in Sources */,
				2E8E22141C2039B00027363D /* MovieProductionCompany.swift in Sources */,
				2E1D4B0E1C16726300D474F0 /* AppDelegate.swift in Sources */,
				2E155F151C1F610C00F7DE18 /* TMDBMovieProductionCompanyApiModel.swift in Sources */,
				2E155EFF1C1DCFC200F7DE18 /* TMDBDateFormatter.swift in Sources */,
				2E3A7D291C1700AE00F62D62 /* TMDBMovieMediaServiceSearchApiParser.swift in Sources */,
				2E8E221E1C203B180027363D /* TMDBMovieMediaServiceMovieSpokenLanguageApiToDomainMapper.swift in Sources */,
				2EEDBD5E1C21A2A800CE3F30 /* TMDBMovieMediaServiceSearchApiDataSource.swift in Sources */,
				2E8E220E1C2036BE0027363D /* TMDBMovieMediaServiceMovieApiToDomainMapper.swift in Sources */,
				2E8E22121C20391F0027363D /* TMDBMovieMediaServiceMovieGenreApiToDomainMapper.swift in Sources */,
				2E1D4B081C1670DC00D474F0 /* Parseable.swift in Sources */,
			);
			runOnlyForDeploymentPostprocessing = 0;
		};
		2E2C68021C0E22B400641874 /* Sources */ = {
			isa = PBXSourcesBuildPhase;
			buildActionMask = 2147483647;
			files = (
				2EEDBD9A1C21B21E00CE3F30 /* TMDBMovieMediaServiceProductionCompanyApiParserSpec.swift in Sources */,
				2EEDBD941C21B0DC00CE3F30 /* JSONLoader.swift in Sources */,
				2EEDBD961C21B13E00CE3F30 /* TMDBMovieMediaServiceProductionCountryApiParserSpec.swift in Sources */,
				2ED279A51C22D3FA00813481 /* TMDBMovieMediaServiceMovieProductionCompanyApiToDomainMapperSpec.swift in Sources */,
				2EEDBD8A1C21A83800CE3F30 /* TMDBRequestProcessorSpec.swift in Sources */,
				2EEDBDAA1C2217B600CE3F30 /* TMDBMovieMediaServiceSearchApiToDomainMapperSpec.swift in Sources */,
				2EEDBD771C21A5B900CE3F30 /* AlamofireHTTPRequestSpec.swift in Sources */,
				2EEDBDAD1C2217F700CE3F30 /* Assembly+ApiModels.swift in Sources */,
				2EEDBD8C1C21AAB300CE3F30 /* TMDBDateFormatterSpec.swift in Sources */,
				2EEDBD751C21A5B200CE3F30 /* AlamofireHTTPClientSpec.swift in Sources */,
				2EEDBD791C21A5C500CE3F30 /* DictionaryExtendedSpec.swift in Sources */,
				2EEDBD761C21A5B500CE3F30 /* AlamofireHTTPRequestBuilderSpec.swift in Sources */,
				2EEDBDA21C220D6F00CE3F30 /* TMDBMovieMediaServiceSearchApiParserSpec.swift in Sources */,
				2EEDBD7A1C21A5CA00CE3F30 /* TestEnviromentDetectorSpec.swift in Sources */,
				2EEDBD781C21A5BE00CE3F30 /* DefaultServiceLocatorSpec.swift in Sources */,
				2EEDBD8E1C21AEF300CE3F30 /* TMDBMovieMediaServiceSpokenLanguageApiParserSpec.swift in Sources */,
				2EEDBDB11C22AC2600CE3F30 /* TMDBMovieMediaServiceMovieGenreApiToDomainMapperSpec.swift in Sources */,
				2EEDBD9E1C21B2D800CE3F30 /* TMDBMovieMediaServiceGenreApiParserSpec.swift in Sources */,
				2EEDBDA61C2210AB00CE3F30 /* TMDBMovieMediaServiceMovieApiParserSpec.swift in Sources */,
			);
			runOnlyForDeploymentPostprocessing = 0;
		};
		2E2C680D1C0E22B400641874 /* Sources */ = {
			isa = PBXSourcesBuildPhase;
			buildActionMask = 2147483647;
			files = (
				2E2C68161C0E22B400641874 /* MovielandUITests.swift in Sources */,
			);
			runOnlyForDeploymentPostprocessing = 0;
		};
/* End PBXSourcesBuildPhase section */

/* Begin PBXTargetDependency section */
		2E2C68081C0E22B400641874 /* PBXTargetDependency */ = {
			isa = PBXTargetDependency;
			target = 2E2C67F11C0E22B400641874 /* Movieland */;
			targetProxy = 2E2C68071C0E22B400641874 /* PBXContainerItemProxy */;
		};
		2E2C68131C0E22B400641874 /* PBXTargetDependency */ = {
			isa = PBXTargetDependency;
			target = 2E2C67F11C0E22B400641874 /* Movieland */;
			targetProxy = 2E2C68121C0E22B400641874 /* PBXContainerItemProxy */;
		};
/* End PBXTargetDependency section */

/* Begin PBXVariantGroup section */
		2E2C67FE1C0E22B400641874 /* LaunchScreen.storyboard */ = {
			isa = PBXVariantGroup;
			children = (
				2E2C67FF1C0E22B400641874 /* Base */,
			);
			name = LaunchScreen.storyboard;
			sourceTree = "<group>";
		};
/* End PBXVariantGroup section */

/* Begin XCBuildConfiguration section */
		2E2C68181C0E22B400641874 /* Debug */ = {
			isa = XCBuildConfiguration;
			buildSettings = {
				ALWAYS_SEARCH_USER_PATHS = NO;
				CLANG_CXX_LANGUAGE_STANDARD = "gnu++0x";
				CLANG_CXX_LIBRARY = "libc++";
				CLANG_ENABLE_MODULES = YES;
				CLANG_ENABLE_OBJC_ARC = YES;
				CLANG_WARN_BOOL_CONVERSION = YES;
				CLANG_WARN_CONSTANT_CONVERSION = YES;
				CLANG_WARN_DIRECT_OBJC_ISA_USAGE = YES_ERROR;
				CLANG_WARN_EMPTY_BODY = YES;
				CLANG_WARN_ENUM_CONVERSION = YES;
				CLANG_WARN_INT_CONVERSION = YES;
				CLANG_WARN_OBJC_ROOT_CLASS = YES_ERROR;
				CLANG_WARN_UNREACHABLE_CODE = YES;
				CLANG_WARN__DUPLICATE_METHOD_MATCH = YES;
				"CODE_SIGN_IDENTITY[sdk=iphoneos*]" = "iPhone Developer";
				COPY_PHASE_STRIP = NO;
				DEBUG_INFORMATION_FORMAT = dwarf;
				ENABLE_STRICT_OBJC_MSGSEND = YES;
				ENABLE_TESTABILITY = YES;
				GCC_C_LANGUAGE_STANDARD = gnu99;
				GCC_DYNAMIC_NO_PIC = NO;
				GCC_NO_COMMON_BLOCKS = YES;
				GCC_OPTIMIZATION_LEVEL = 0;
				GCC_PREPROCESSOR_DEFINITIONS = (
					"DEBUG=1",
					"$(inherited)",
				);
				GCC_WARN_64_TO_32_BIT_CONVERSION = YES;
				GCC_WARN_ABOUT_RETURN_TYPE = YES_ERROR;
				GCC_WARN_UNDECLARED_SELECTOR = YES;
				GCC_WARN_UNINITIALIZED_AUTOS = YES_AGGRESSIVE;
				GCC_WARN_UNUSED_FUNCTION = YES;
				GCC_WARN_UNUSED_VARIABLE = YES;
				IPHONEOS_DEPLOYMENT_TARGET = 9.1;
				MTL_ENABLE_DEBUG_INFO = YES;
				ONLY_ACTIVE_ARCH = YES;
				SDKROOT = iphoneos;
				SWIFT_OPTIMIZATION_LEVEL = "-Onone";
			};
			name = Debug;
		};
		2E2C68191C0E22B400641874 /* Release */ = {
			isa = XCBuildConfiguration;
			buildSettings = {
				ALWAYS_SEARCH_USER_PATHS = NO;
				CLANG_CXX_LANGUAGE_STANDARD = "gnu++0x";
				CLANG_CXX_LIBRARY = "libc++";
				CLANG_ENABLE_MODULES = YES;
				CLANG_ENABLE_OBJC_ARC = YES;
				CLANG_WARN_BOOL_CONVERSION = YES;
				CLANG_WARN_CONSTANT_CONVERSION = YES;
				CLANG_WARN_DIRECT_OBJC_ISA_USAGE = YES_ERROR;
				CLANG_WARN_EMPTY_BODY = YES;
				CLANG_WARN_ENUM_CONVERSION = YES;
				CLANG_WARN_INT_CONVERSION = YES;
				CLANG_WARN_OBJC_ROOT_CLASS = YES_ERROR;
				CLANG_WARN_UNREACHABLE_CODE = YES;
				CLANG_WARN__DUPLICATE_METHOD_MATCH = YES;
				"CODE_SIGN_IDENTITY[sdk=iphoneos*]" = "iPhone Developer";
				COPY_PHASE_STRIP = NO;
				DEBUG_INFORMATION_FORMAT = "dwarf-with-dsym";
				ENABLE_NS_ASSERTIONS = NO;
				ENABLE_STRICT_OBJC_MSGSEND = YES;
				GCC_C_LANGUAGE_STANDARD = gnu99;
				GCC_NO_COMMON_BLOCKS = YES;
				GCC_WARN_64_TO_32_BIT_CONVERSION = YES;
				GCC_WARN_ABOUT_RETURN_TYPE = YES_ERROR;
				GCC_WARN_UNDECLARED_SELECTOR = YES;
				GCC_WARN_UNINITIALIZED_AUTOS = YES_AGGRESSIVE;
				GCC_WARN_UNUSED_FUNCTION = YES;
				GCC_WARN_UNUSED_VARIABLE = YES;
				IPHONEOS_DEPLOYMENT_TARGET = 9.1;
				MTL_ENABLE_DEBUG_INFO = NO;
				SDKROOT = iphoneos;
				VALIDATE_PRODUCT = YES;
			};
			name = Release;
		};
		2E2C681B1C0E22B400641874 /* Debug */ = {
			isa = XCBuildConfiguration;
			baseConfigurationReference = 8ABB3DE0AF575187E39F2260 /* Pods-Movieland.debug.xcconfig */;
			buildSettings = {
				ASSETCATALOG_COMPILER_APPICON_NAME = AppIcon;
				INFOPLIST_FILE = Movieland/Info.plist;
				LD_RUNPATH_SEARCH_PATHS = "$(inherited) @executable_path/Frameworks";
				PRODUCT_BUNDLE_IDENTIFIER = es.skydev.Movieland;
				PRODUCT_NAME = "$(TARGET_NAME)";
			};
			name = Debug;
		};
		2E2C681C1C0E22B400641874 /* Release */ = {
			isa = XCBuildConfiguration;
			baseConfigurationReference = 7210D4697F8E6319BDDA9AA1 /* Pods-Movieland.release.xcconfig */;
			buildSettings = {
				ASSETCATALOG_COMPILER_APPICON_NAME = AppIcon;
				INFOPLIST_FILE = Movieland/Info.plist;
				LD_RUNPATH_SEARCH_PATHS = "$(inherited) @executable_path/Frameworks";
				PRODUCT_BUNDLE_IDENTIFIER = es.skydev.Movieland;
				PRODUCT_NAME = "$(TARGET_NAME)";
			};
			name = Release;
		};
		2E2C681E1C0E22B400641874 /* Debug */ = {
			isa = XCBuildConfiguration;
			baseConfigurationReference = F1913698F8A64EAEC755DD73 /* Pods-MovielandTests.debug.xcconfig */;
			buildSettings = {
				BUNDLE_LOADER = "$(TEST_HOST)";
				CLANG_ENABLE_MODULES = YES;
				INFOPLIST_FILE = MovielandTests/Info.plist;
				LD_RUNPATH_SEARCH_PATHS = "$(inherited) @executable_path/Frameworks @loader_path/Frameworks";
				PRODUCT_BUNDLE_IDENTIFIER = es.skydev.MovielandTests;
				PRODUCT_NAME = "$(TARGET_NAME)";
				SWIFT_OPTIMIZATION_LEVEL = "-Onone";
				TEST_HOST = "$(BUILT_PRODUCTS_DIR)/Movieland.app/Movieland";
			};
			name = Debug;
		};
		2E2C681F1C0E22B400641874 /* Release */ = {
			isa = XCBuildConfiguration;
			baseConfigurationReference = 603262157CAE4E4D07A89788 /* Pods-MovielandTests.release.xcconfig */;
			buildSettings = {
				BUNDLE_LOADER = "$(TEST_HOST)";
				CLANG_ENABLE_MODULES = YES;
				INFOPLIST_FILE = MovielandTests/Info.plist;
				LD_RUNPATH_SEARCH_PATHS = "$(inherited) @executable_path/Frameworks @loader_path/Frameworks";
				PRODUCT_BUNDLE_IDENTIFIER = es.skydev.MovielandTests;
				PRODUCT_NAME = "$(TARGET_NAME)";
				TEST_HOST = "$(BUILT_PRODUCTS_DIR)/Movieland.app/Movieland";
			};
			name = Release;
		};
		2E2C68211C0E22B400641874 /* Debug */ = {
			isa = XCBuildConfiguration;
			buildSettings = {
				INFOPLIST_FILE = MovielandUITests/Info.plist;
				LD_RUNPATH_SEARCH_PATHS = "$(inherited) @executable_path/Frameworks @loader_path/Frameworks";
				PRODUCT_BUNDLE_IDENTIFIER = es.skydev.MovielandUITests;
				PRODUCT_NAME = "$(TARGET_NAME)";
				TEST_TARGET_NAME = Movieland;
				USES_XCTRUNNER = YES;
			};
			name = Debug;
		};
		2E2C68221C0E22B400641874 /* Release */ = {
			isa = XCBuildConfiguration;
			buildSettings = {
				INFOPLIST_FILE = MovielandUITests/Info.plist;
				LD_RUNPATH_SEARCH_PATHS = "$(inherited) @executable_path/Frameworks @loader_path/Frameworks";
				PRODUCT_BUNDLE_IDENTIFIER = es.skydev.MovielandUITests;
				PRODUCT_NAME = "$(TARGET_NAME)";
				TEST_TARGET_NAME = Movieland;
				USES_XCTRUNNER = YES;
			};
			name = Release;
		};
/* End XCBuildConfiguration section */

/* Begin XCConfigurationList section */
		2E2C67ED1C0E22B400641874 /* Build configuration list for PBXProject "Movieland" */ = {
			isa = XCConfigurationList;
			buildConfigurations = (
				2E2C68181C0E22B400641874 /* Debug */,
				2E2C68191C0E22B400641874 /* Release */,
			);
			defaultConfigurationIsVisible = 0;
			defaultConfigurationName = Release;
		};
		2E2C681A1C0E22B400641874 /* Build configuration list for PBXNativeTarget "Movieland" */ = {
			isa = XCConfigurationList;
			buildConfigurations = (
				2E2C681B1C0E22B400641874 /* Debug */,
				2E2C681C1C0E22B400641874 /* Release */,
			);
			defaultConfigurationIsVisible = 0;
			defaultConfigurationName = Release;
		};
		2E2C681D1C0E22B400641874 /* Build configuration list for PBXNativeTarget "MovielandTests" */ = {
			isa = XCConfigurationList;
			buildConfigurations = (
				2E2C681E1C0E22B400641874 /* Debug */,
				2E2C681F1C0E22B400641874 /* Release */,
			);
			defaultConfigurationIsVisible = 0;
			defaultConfigurationName = Release;
		};
		2E2C68201C0E22B400641874 /* Build configuration list for PBXNativeTarget "MovielandUITests" */ = {
			isa = XCConfigurationList;
			buildConfigurations = (
				2E2C68211C0E22B400641874 /* Debug */,
				2E2C68221C0E22B400641874 /* Release */,
			);
			defaultConfigurationIsVisible = 0;
			defaultConfigurationName = Release;
		};
/* End XCConfigurationList section */
	};
	rootObject = 2E2C67EA1C0E22B400641874 /* Project object */;
}
